// !$*UTF8*$!
{
	archiveVersion = 1;
	classes = {
	};
	objectVersion = 48;
	objects = {

/* Begin PBXAggregateTarget section */
		B0DD95192066C4DC002CDB03 /* all */ = {
			isa = PBXAggregateTarget;
			buildConfigurationList = B0DD951A2066C4DC002CDB03 /* Build configuration list for PBXAggregateTarget "all" */;
			buildPhases = (
			);
			dependencies = (
				B0DD95222066C4FE002CDB03 /* PBXTargetDependency */,
				B0DD95242066C4FE002CDB03 /* PBXTargetDependency */,
				B0DD95262066C4FE002CDB03 /* PBXTargetDependency */,
				B0DD95282066C4FE002CDB03 /* PBXTargetDependency */,
			);
			name = all;
			productName = all;
		};
/* End PBXAggregateTarget section */

/* Begin PBXBuildFile section */
		B0DD95322066C614002CDB03 /* libMachObjC.a in Frameworks */ = {isa = PBXBuildFile; fileRef = B0DD950A2066C47B002CDB03 /* libMachObjC.a */; };
		B0DD953A2066C6BB002CDB03 /* XCTest.framework in Frameworks */ = {isa = PBXBuildFile; fileRef = B0DD95392066C6BA002CDB03 /* XCTest.framework */; };
		B0DD953E2066C73B002CDB03 /* Foundation.framework in Frameworks */ = {isa = PBXBuildFile; fileRef = B0DD953D2066C73B002CDB03 /* Foundation.framework */; };
		B0DD953F2066C73F002CDB03 /* libMachObjC.a in Frameworks */ = {isa = PBXBuildFile; fileRef = B0DD950A2066C47B002CDB03 /* libMachObjC.a */; };
		B0DD95402066C78B002CDB03 /* libMachObjC.a in Frameworks */ = {isa = PBXBuildFile; fileRef = B0DD950A2066C47B002CDB03 /* libMachObjC.a */; };
		B0DD95412066C790002CDB03 /* Foundation.framework in Frameworks */ = {isa = PBXBuildFile; fileRef = B0DD953D2066C73B002CDB03 /* Foundation.framework */; };
		B0DD95422066C79D002CDB03 /* libMachObjC.a in Frameworks */ = {isa = PBXBuildFile; fileRef = B0DD950A2066C47B002CDB03 /* libMachObjC.a */; };
		B0DD95432066C7A2002CDB03 /* Foundation.framework in Frameworks */ = {isa = PBXBuildFile; fileRef = B0DD953D2066C73B002CDB03 /* Foundation.framework */; };
		B0DD95442066C7AE002CDB03 /* Foundation.framework in Frameworks */ = {isa = PBXBuildFile; fileRef = B0DD953D2066C73B002CDB03 /* Foundation.framework */; };
		B0DD95492066C7E5002CDB03 /* deprotect.m in Sources */ = {isa = PBXBuildFile; fileRef = B0DD95482066C7E5002CDB03 /* deprotect.m */; };
		B0DD954C2066C81A002CDB03 /* class-dump.m in Sources */ = {isa = PBXBuildFile; fileRef = B0DD954B2066C819002CDB03 /* class-dump.m */; };
		B0DD95632066C8AB002CDB03 /* CDTypeController.m in Sources */ = {isa = PBXBuildFile; fileRef = B0DD95512066C8A9002CDB03 /* CDTypeController.m */; };
		B0DD95642066C8AB002CDB03 /* CDClassFrameworkVisitor.m in Sources */ = {isa = PBXBuildFile; fileRef = B0DD95532066C8A9002CDB03 /* CDClassFrameworkVisitor.m */; };
		B0DD95652066C8AB002CDB03 /* CDStructureTable.m in Sources */ = {isa = PBXBuildFile; fileRef = B0DD95542066C8A9002CDB03 /* CDStructureTable.m */; };
		B0DD95662066C8AB002CDB03 /* CDMultiFileVisitor.m in Sources */ = {isa = PBXBuildFile; fileRef = B0DD95562066C8A9002CDB03 /* CDMultiFileVisitor.m */; };
		B0DD95672066C8AB002CDB03 /* CDVisitor.m in Sources */ = {isa = PBXBuildFile; fileRef = B0DD95592066C8AA002CDB03 /* CDVisitor.m */; };
		B0DD95682066C8AB002CDB03 /* CDClassDump.m in Sources */ = {isa = PBXBuildFile; fileRef = B0DD955A2066C8AA002CDB03 /* CDClassDump.m */; };
		B0DD95692066C8AB002CDB03 /* CDFindMethodVisitor.m in Sources */ = {isa = PBXBuildFile; fileRef = B0DD955C2066C8AA002CDB03 /* CDFindMethodVisitor.m */; };
		B0DD956A2066C8AB002CDB03 /* CDSearchPathState.m in Sources */ = {isa = PBXBuildFile; fileRef = B0DD955D2066C8AA002CDB03 /* CDSearchPathState.m */; };
		B0DD956B2066C8AB002CDB03 /* CDStructureInfo.m in Sources */ = {isa = PBXBuildFile; fileRef = B0DD95602066C8AA002CDB03 /* CDStructureInfo.m */; };
		B0DD956C2066C8AB002CDB03 /* CDClassDumpVisitor.m in Sources */ = {isa = PBXBuildFile; fileRef = B0DD95612066C8AA002CDB03 /* CDClassDumpVisitor.m */; };
		B0DD956D2066C8AB002CDB03 /* CDTextClassDumpVisitor.m in Sources */ = {isa = PBXBuildFile; fileRef = B0DD95622066C8AA002CDB03 /* CDTextClassDumpVisitor.m */; };
		B0DD95702066C8CE002CDB03 /* formatType.m in Sources */ = {isa = PBXBuildFile; fileRef = B0DD956F2066C8CE002CDB03 /* formatType.m */; };
		B0DD957C2066C90A002CDB03 /* TestBlockSignature.m in Sources */ = {isa = PBXBuildFile; fileRef = B0DD95712066C909002CDB03 /* TestBlockSignature.m */; };
		B0DD957D2066C90A002CDB03 /* TestFatFile_Intel32_64.m in Sources */ = {isa = PBXBuildFile; fileRef = B0DD95722066C909002CDB03 /* TestFatFile_Intel32_64.m */; };
		B0DD957E2066C90A002CDB03 /* TestThinFile_Intel64.m in Sources */ = {isa = PBXBuildFile; fileRef = B0DD95732066C909002CDB03 /* TestThinFile_Intel64.m */; };
		B0DD957F2066C90A002CDB03 /* TestCDArchFromName.m in Sources */ = {isa = PBXBuildFile; fileRef = B0DD95752066C909002CDB03 /* TestCDArchFromName.m */; };
		B0DD95802066C90A002CDB03 /* TestFatFile_armv7_v7s.m in Sources */ = {isa = PBXBuildFile; fileRef = B0DD95762066C909002CDB03 /* TestFatFile_armv7_v7s.m */; };
		B0DD95812066C90A002CDB03 /* TestCDArchUses64BitABI.m in Sources */ = {isa = PBXBuildFile; fileRef = B0DD95772066C909002CDB03 /* TestCDArchUses64BitABI.m */; };
		B0DD95822066C90A002CDB03 /* TestCDNameForCPUType.m in Sources */ = {isa = PBXBuildFile; fileRef = B0DD95782066C909002CDB03 /* TestCDNameForCPUType.m */; };
		B0DD95832066C90A002CDB03 /* TestFatFile_Intel32_64_lib64.m in Sources */ = {isa = PBXBuildFile; fileRef = B0DD95792066C909002CDB03 /* TestFatFile_Intel32_64_lib64.m */; };
		B0DD95842066C90A002CDB03 /* TestFatFile_Intel64_32.m in Sources */ = {isa = PBXBuildFile; fileRef = B0DD957A2066C90A002CDB03 /* TestFatFile_Intel64_32.m */; };
		B0DD95852066C90A002CDB03 /* TestThinFile_Intel64_lib64.m in Sources */ = {isa = PBXBuildFile; fileRef = B0DD957B2066C90A002CDB03 /* TestThinFile_Intel64_lib64.m */; };
		B0DD959C2066CB5B002CDB03 /* CDTopoSortNode.m in Sources */ = {isa = PBXBuildFile; fileRef = B0DD958C2066CB5A002CDB03 /* CDTopoSortNode.m */; };
		B0DD959E2066CB5B002CDB03 /* ULEB128.h in Headers */ = {isa = PBXBuildFile; fileRef = B0DD958E2066CB5A002CDB03 /* ULEB128.h */; };
		B0DD959F2066CB5B002CDB03 /* ULEB128.m in Sources */ = {isa = PBXBuildFile; fileRef = B0DD958F2066CB5A002CDB03 /* ULEB128.m */; };
		B0DD95A12066CB5B002CDB03 /* CDExtensions.h in Headers */ = {isa = PBXBuildFile; fileRef = B0DD95912066CB5A002CDB03 /* CDExtensions.h */; };
		B0DD95A22066CB5B002CDB03 /* NSArray-CDExtensions.m in Sources */ = {isa = PBXBuildFile; fileRef = B0DD95922066CB5A002CDB03 /* NSArray-CDExtensions.m */; };
		B0DD95A42066CB5B002CDB03 /* NSError-CDExtensions.m in Sources */ = {isa = PBXBuildFile; fileRef = B0DD95942066CB5A002CDB03 /* NSError-CDExtensions.m */; };
		B0DD95A52066CB5B002CDB03 /* NSString-CDExtensions.m in Sources */ = {isa = PBXBuildFile; fileRef = B0DD95952066CB5A002CDB03 /* NSString-CDExtensions.m */; };
		B0DD95A82066CB5B002CDB03 /* NSScanner-CDExtensions.m in Sources */ = {isa = PBXBuildFile; fileRef = B0DD95982066CB5B002CDB03 /* NSScanner-CDExtensions.m */; };
		B0DD95A92066CB5B002CDB03 /* NSData-CDExtensions.m in Sources */ = {isa = PBXBuildFile; fileRef = B0DD95992066CB5B002CDB03 /* NSData-CDExtensions.m */; };
		B0DD95B42066CBD8002CDB03 /* CDMachOFileDataCursor.m in Sources */ = {isa = PBXBuildFile; fileRef = B0DD95B02066CBD8002CDB03 /* CDMachOFileDataCursor.m */; };
		B0DD95B62066CBD8002CDB03 /* CDDataCursor.m in Sources */ = {isa = PBXBuildFile; fileRef = B0DD95B22066CBD8002CDB03 /* CDDataCursor.m */; };
		B0DD95C92066CC1D002CDB03 /* CDLCDylinker.m in Sources */ = {isa = PBXBuildFile; fileRef = B0DD95BB2066CC1C002CDB03 /* CDLCDylinker.m */; };
		B0DD95CD2066CC1D002CDB03 /* CDLCEncryptionInfo.m in Sources */ = {isa = PBXBuildFile; fileRef = B0DD95BF2066CC1C002CDB03 /* CDLCEncryptionInfo.m */; };
		B0DD95CE2066CC1D002CDB03 /* CDLCDylib.m in Sources */ = {isa = PBXBuildFile; fileRef = B0DD95C02066CC1D002CDB03 /* CDLCDylib.m */; };
		B0DD95CF2066CC1D002CDB03 /* CDLCDyldInfo.m in Sources */ = {isa = PBXBuildFile; fileRef = B0DD95C12066CC1D002CDB03 /* CDLCDyldInfo.m */; };
		B0DD95D02066CC1D002CDB03 /* CDLCDynamicSymbolTable.m in Sources */ = {isa = PBXBuildFile; fileRef = B0DD95C22066CC1D002CDB03 /* CDLCDynamicSymbolTable.m */; };
		B0DD95D12066CC1D002CDB03 /* CDLCFunctionStarts.h in Headers */ = {isa = PBXBuildFile; fileRef = B0DD95C32066CC1D002CDB03 /* CDLCFunctionStarts.h */; };
		B0DD95D22066CC1D002CDB03 /* CDLCLinkeditData.m in Sources */ = {isa = PBXBuildFile; fileRef = B0DD95C42066CC1D002CDB03 /* CDLCLinkeditData.m */; };
		B0DD95D32066CC1D002CDB03 /* CDLCFunctionStarts.m in Sources */ = {isa = PBXBuildFile; fileRef = B0DD95C52066CC1D002CDB03 /* CDLCFunctionStarts.m */; };
		B0DD95FC2066CCE0002CDB03 /* CDLCUUID.m in Sources */ = {isa = PBXBuildFile; fileRef = B0DD95D42066CCDB002CDB03 /* CDLCUUID.m */; };
		B0DD95FF2066CCE0002CDB03 /* CDLCRoutines64.m in Sources */ = {isa = PBXBuildFile; fileRef = B0DD95D72066CCDC002CDB03 /* CDLCRoutines64.m */; };
		B0DD96012066CCE0002CDB03 /* CDLCSubUmbrella.m in Sources */ = {isa = PBXBuildFile; fileRef = B0DD95D92066CCDC002CDB03 /* CDLCSubUmbrella.m */; };
		B0DD96022066CCE0002CDB03 /* CDLCUnixThread.m in Sources */ = {isa = PBXBuildFile; fileRef = B0DD95DA2066CCDC002CDB03 /* CDLCUnixThread.m */; };
		B0DD96032066CCE0002CDB03 /* CDLCSymbolTable.m in Sources */ = {isa = PBXBuildFile; fileRef = B0DD95DB2066CCDC002CDB03 /* CDLCSymbolTable.m */; };
		B0DD96052066CCE0002CDB03 /* CDLCSubFramework.m in Sources */ = {isa = PBXBuildFile; fileRef = B0DD95DD2066CCDC002CDB03 /* CDLCSubFramework.m */; };
		B0DD96072066CCE0002CDB03 /* CDLCTwoLevelHints.m in Sources */ = {isa = PBXBuildFile; fileRef = B0DD95DF2066CCDC002CDB03 /* CDLCTwoLevelHints.m */; };
		B0DD960A2066CCE0002CDB03 /* CDLCVersionMinimum.m in Sources */ = {isa = PBXBuildFile; fileRef = B0DD95E22066CCDC002CDB03 /* CDLCVersionMinimum.m */; };
		B0DD960D2066CCE0002CDB03 /* CDLCUnknown.m in Sources */ = {isa = PBXBuildFile; fileRef = B0DD95E52066CCDE002CDB03 /* CDLCUnknown.m */; };
		B0DD960E2066CCE0002CDB03 /* CDLCMain.h in Headers */ = {isa = PBXBuildFile; fileRef = B0DD95E62066CCDE002CDB03 /* CDLCMain.h */; };
		B0DD96102066CCE0002CDB03 /* CDLoadCommand.m in Sources */ = {isa = PBXBuildFile; fileRef = B0DD95E82066CCDE002CDB03 /* CDLoadCommand.m */; };
		B0DD96112066CCE0002CDB03 /* CDLCSourceVersion.h in Headers */ = {isa = PBXBuildFile; fileRef = B0DD95E92066CCDE002CDB03 /* CDLCSourceVersion.h */; };
		B0DD96122066CCE0002CDB03 /* CDLCRunPath.m in Sources */ = {isa = PBXBuildFile; fileRef = B0DD95EA2066CCDE002CDB03 /* CDLCRunPath.m */; };
		B0DD96142066CCE0002CDB03 /* CDLCSourceVersion.m in Sources */ = {isa = PBXBuildFile; fileRef = B0DD95EC2066CCDF002CDB03 /* CDLCSourceVersion.m */; };
		B0DD96152066CCE0002CDB03 /* CDLCSubClient.m in Sources */ = {isa = PBXBuildFile; fileRef = B0DD95ED2066CCDF002CDB03 /* CDLCSubClient.m */; };
		B0DD96172066CCE0002CDB03 /* CDLCSubLibrary.m in Sources */ = {isa = PBXBuildFile; fileRef = B0DD95EF2066CCDF002CDB03 /* CDLCSubLibrary.m */; };
		B0DD96192066CCE0002CDB03 /* CDLCDataInCode.m in Sources */ = {isa = PBXBuildFile; fileRef = B0DD95F12066CCDF002CDB03 /* CDLCDataInCode.m */; };
		B0DD961A2066CCE0002CDB03 /* CDLCMain.m in Sources */ = {isa = PBXBuildFile; fileRef = B0DD95F22066CCDF002CDB03 /* CDLCMain.m */; };
		B0DD961B2066CCE0002CDB03 /* CDLCDataInCode.h in Headers */ = {isa = PBXBuildFile; fileRef = B0DD95F32066CCDF002CDB03 /* CDLCDataInCode.h */; };
		B0DD961C2066CCE0002CDB03 /* CDLCPreboundDylib.m in Sources */ = {isa = PBXBuildFile; fileRef = B0DD95F42066CCDF002CDB03 /* CDLCPreboundDylib.m */; };
		B0DD961D2066CCE0002CDB03 /* CDLCRoutines32.m in Sources */ = {isa = PBXBuildFile; fileRef = B0DD95F52066CCE0002CDB03 /* CDLCRoutines32.m */; };
		B0DD961E2066CCE0002CDB03 /* CDLCSegment.m in Sources */ = {isa = PBXBuildFile; fileRef = B0DD95F62066CCE0002CDB03 /* CDLCSegment.m */; };
		B0DD96222066CCE0002CDB03 /* CDLCPrebindChecksum.m in Sources */ = {isa = PBXBuildFile; fileRef = B0DD95FA2066CCE0002CDB03 /* CDLCPrebindChecksum.m */; };
		B0DD963B2066CD76002CDB03 /* CDFatArch.m in Sources */ = {isa = PBXBuildFile; fileRef = B0DD96242066CD74002CDB03 /* CDFatArch.m */; };
		B0DD963C2066CD76002CDB03 /* CDObjectiveC2Processor.m in Sources */ = {isa = PBXBuildFile; fileRef = B0DD96252066CD74002CDB03 /* CDObjectiveC2Processor.m */; };
		B0DD963F2066CD76002CDB03 /* CDObjectiveCProcessor.m in Sources */ = {isa = PBXBuildFile; fileRef = B0DD96282066CD74002CDB03 /* CDObjectiveCProcessor.m */; };
		B0DD96402066CD76002CDB03 /* CDSection.m in Sources */ = {isa = PBXBuildFile; fileRef = B0DD96292066CD74002CDB03 /* CDSection.m */; };
		B0DD96422066CD76002CDB03 /* CDObjectiveC1Processor.m in Sources */ = {isa = PBXBuildFile; fileRef = B0DD962B2066CD74002CDB03 /* CDObjectiveC1Processor.m */; };
		B0DD96432066CD76002CDB03 /* CDFile.m in Sources */ = {isa = PBXBuildFile; fileRef = B0DD962C2066CD74002CDB03 /* CDFile.m */; };
		B0DD96472066CD76002CDB03 /* CDRelocationInfo.m in Sources */ = {isa = PBXBuildFile; fileRef = B0DD96302066CD75002CDB03 /* CDRelocationInfo.m */; };
		B0DD964B2066CD76002CDB03 /* CDFatFile.m in Sources */ = {isa = PBXBuildFile; fileRef = B0DD96342066CD75002CDB03 /* CDFatFile.m */; };
		B0DD964D2066CD76002CDB03 /* CDProtocolUniquer.m in Sources */ = {isa = PBXBuildFile; fileRef = B0DD96362066CD75002CDB03 /* CDProtocolUniquer.m */; };
		B0DD964E2066CD76002CDB03 /* CDProtocolUniquer.h in Headers */ = {isa = PBXBuildFile; fileRef = B0DD96372066CD75002CDB03 /* CDProtocolUniquer.h */; };
		B0DD96502066CD76002CDB03 /* CDMachOFile.m in Sources */ = {isa = PBXBuildFile; fileRef = B0DD96392066CD76002CDB03 /* CDMachOFile.m */; };
		B0DD96512066CD76002CDB03 /* CDSymbol.m in Sources */ = {isa = PBXBuildFile; fileRef = B0DD963A2066CD76002CDB03 /* CDSymbol.m */; };
		B0DD96662066CDDA002CDB03 /* CDOCInstanceVariable.m in Sources */ = {isa = PBXBuildFile; fileRef = B0DD96522066CDD9002CDB03 /* CDOCInstanceVariable.m */; };
		B0DD96682066CDDA002CDB03 /* CDOCProperty.m in Sources */ = {isa = PBXBuildFile; fileRef = B0DD96542066CDD9002CDB03 /* CDOCProperty.m */; };
		B0DD966A2066CDDA002CDB03 /* CDOCProtocol.m in Sources */ = {isa = PBXBuildFile; fileRef = B0DD96562066CDD9002CDB03 /* CDOCProtocol.m */; };
		B0DD966B2066CDDA002CDB03 /* CDOCCategory.m in Sources */ = {isa = PBXBuildFile; fileRef = B0DD96572066CDD9002CDB03 /* CDOCCategory.m */; };
		B0DD966C2066CDDA002CDB03 /* CDOCClassReference.h in Headers */ = {isa = PBXBuildFile; fileRef = B0DD96582066CDD9002CDB03 /* CDOCClassReference.h */; };
		B0DD966F2066CDDA002CDB03 /* CDOCClass.m in Sources */ = {isa = PBXBuildFile; fileRef = B0DD965B2066CDD9002CDB03 /* CDOCClass.m */; };
		B0DD96702066CDDA002CDB03 /* CDOCClassReference.m in Sources */ = {isa = PBXBuildFile; fileRef = B0DD965C2066CDD9002CDB03 /* CDOCClassReference.m */; };
		B0DD96722066CDDB002CDB03 /* CDOCMethod.m in Sources */ = {isa = PBXBuildFile; fileRef = B0DD965E2066CDDA002CDB03 /* CDOCMethod.m */; };
		B0DD96732066CDDB002CDB03 /* CDOCSymtab.m in Sources */ = {isa = PBXBuildFile; fileRef = B0DD965F2066CDDA002CDB03 /* CDOCSymtab.m */; };
		B0DD96762066CDDB002CDB03 /* CDOCModule.m in Sources */ = {isa = PBXBuildFile; fileRef = B0DD96622066CDDA002CDB03 /* CDOCModule.m */; };
		B0DD96782066CDDB002CDB03 /* CDVisitorPropertyState.m in Sources */ = {isa = PBXBuildFile; fileRef = B0DD96642066CDDA002CDB03 /* CDVisitorPropertyState.m */; };
		B0DD968A2066CE3F002CDB03 /* CDTypeFormatter.m in Sources */ = {isa = PBXBuildFile; fileRef = B0DD967C2066CE3E002CDB03 /* CDTypeFormatter.m */; };
		B0DD968B2066CE3F002CDB03 /* CDTypeParser.m in Sources */ = {isa = PBXBuildFile; fileRef = B0DD967D2066CE3E002CDB03 /* CDTypeParser.m */; };
		B0DD968C2066CE3F002CDB03 /* CDBalanceFormatter.m in Sources */ = {isa = PBXBuildFile; fileRef = B0DD967E2066CE3E002CDB03 /* CDBalanceFormatter.m */; };
		B0DD968D2066CE3F002CDB03 /* CDTypeName.m in Sources */ = {isa = PBXBuildFile; fileRef = B0DD967F2066CE3E002CDB03 /* CDTypeName.m */; };
		B0DD968E2066CE3F002CDB03 /* CDTypeLexer.m in Sources */ = {isa = PBXBuildFile; fileRef = B0DD96802066CE3E002CDB03 /* CDTypeLexer.m */; };
		B0DD968F2066CE3F002CDB03 /* CDMethodType.m in Sources */ = {isa = PBXBuildFile; fileRef = B0DD96812066CE3F002CDB03 /* CDMethodType.m */; };
		B0DD96922066CE3F002CDB03 /* CDType.m in Sources */ = {isa = PBXBuildFile; fileRef = B0DD96842066CE3F002CDB03 /* CDType.m */; };
/* End PBXBuildFile section */

/* Begin PBXContainerItemProxy section */
		B0DD95132066C497002CDB03 /* PBXContainerItemProxy */ = {
			isa = PBXContainerItemProxy;
			containerPortal = B0DD94DE2066C3A2002CDB03 /* Project object */;
			proxyType = 1;
			remoteGlobalIDString = B0DD95092066C47B002CDB03;
			remoteInfo = MachObjC;
		};
		B0DD95152066C49F002CDB03 /* PBXContainerItemProxy */ = {
			isa = PBXContainerItemProxy;
			containerPortal = B0DD94DE2066C3A2002CDB03 /* Project object */;
			proxyType = 1;
			remoteGlobalIDString = B0DD95092066C47B002CDB03;
			remoteInfo = MachObjC;
		};
		B0DD95172066C4A2002CDB03 /* PBXContainerItemProxy */ = {
			isa = PBXContainerItemProxy;
			containerPortal = B0DD94DE2066C3A2002CDB03 /* Project object */;
			proxyType = 1;
			remoteGlobalIDString = B0DD95092066C47B002CDB03;
			remoteInfo = MachObjC;
		};
		B0DD95212066C4FE002CDB03 /* PBXContainerItemProxy */ = {
			isa = PBXContainerItemProxy;
			containerPortal = B0DD94DE2066C3A2002CDB03 /* Project object */;
			proxyType = 1;
			remoteGlobalIDString = B0DD95092066C47B002CDB03;
			remoteInfo = MachObjC;
		};
		B0DD95232066C4FE002CDB03 /* PBXContainerItemProxy */ = {
			isa = PBXContainerItemProxy;
			containerPortal = B0DD94DE2066C3A2002CDB03 /* Project object */;
			proxyType = 1;
			remoteGlobalIDString = B0DD94E52066C3A2002CDB03;
			remoteInfo = "class-dump";
		};
		B0DD95252066C4FE002CDB03 /* PBXContainerItemProxy */ = {
			isa = PBXContainerItemProxy;
			containerPortal = B0DD94DE2066C3A2002CDB03 /* Project object */;
			proxyType = 1;
			remoteGlobalIDString = B0DD94F32066C3E7002CDB03;
			remoteInfo = deprotect;
		};
		B0DD95272066C4FE002CDB03 /* PBXContainerItemProxy */ = {
			isa = PBXContainerItemProxy;
			containerPortal = B0DD94DE2066C3A2002CDB03 /* Project object */;
			proxyType = 1;
			remoteGlobalIDString = B0DD94FE2066C3FA002CDB03;
			remoteInfo = formatType;
		};
		B0DD95452066C7C4002CDB03 /* PBXContainerItemProxy */ = {
			isa = PBXContainerItemProxy;
			containerPortal = B0DD94DE2066C3A2002CDB03 /* Project object */;
			proxyType = 1;
			remoteGlobalIDString = B0DD95192066C4DC002CDB03;
			remoteInfo = all;
		};
/* End PBXContainerItemProxy section */

/* Begin PBXCopyFilesBuildPhase section */
		B0DD94E42066C3A2002CDB03 /* CopyFiles */ = {
			isa = PBXCopyFilesBuildPhase;
			buildActionMask = 2147483647;
			dstPath = /usr/share/man/man1/;
			dstSubfolderSpec = 0;
			files = (
			);
			runOnlyForDeploymentPostprocessing = 1;
		};
		B0DD94F22066C3E7002CDB03 /* CopyFiles */ = {
			isa = PBXCopyFilesBuildPhase;
			buildActionMask = 2147483647;
			dstPath = /usr/share/man/man1/;
			dstSubfolderSpec = 0;
			files = (
			);
			runOnlyForDeploymentPostprocessing = 1;
		};
		B0DD94FD2066C3FA002CDB03 /* CopyFiles */ = {
			isa = PBXCopyFilesBuildPhase;
			buildActionMask = 2147483647;
			dstPath = /usr/share/man/man1/;
			dstSubfolderSpec = 0;
			files = (
			);
			runOnlyForDeploymentPostprocessing = 1;
		};
/* End PBXCopyFilesBuildPhase section */

/* Begin PBXFileReference section */
		B0DD94E62066C3A2002CDB03 /* class-dump */ = {isa = PBXFileReference; explicitFileType = "compiled.mach-o.executable"; includeInIndex = 0; path = "class-dump"; sourceTree = BUILT_PRODUCTS_DIR; };
		B0DD94F42066C3E7002CDB03 /* deprotect */ = {isa = PBXFileReference; explicitFileType = "compiled.mach-o.executable"; includeInIndex = 0; path = deprotect; sourceTree = BUILT_PRODUCTS_DIR; };
		B0DD94FF2066C3FA002CDB03 /* formatType */ = {isa = PBXFileReference; explicitFileType = "compiled.mach-o.executable"; includeInIndex = 0; path = formatType; sourceTree = BUILT_PRODUCTS_DIR; };
		B0DD950A2066C47B002CDB03 /* libMachObjC.a */ = {isa = PBXFileReference; explicitFileType = archive.ar; includeInIndex = 0; path = libMachObjC.a; sourceTree = BUILT_PRODUCTS_DIR; };
		B0DD952D2066C614002CDB03 /* UnitTests.xctest */ = {isa = PBXFileReference; explicitFileType = wrapper.cfbundle; includeInIndex = 0; path = UnitTests.xctest; sourceTree = BUILT_PRODUCTS_DIR; };
		B0DD95312066C614002CDB03 /* Info.plist */ = {isa = PBXFileReference; lastKnownFileType = text.plist.xml; path = Info.plist; sourceTree = "<group>"; };
		B0DD95392066C6BA002CDB03 /* XCTest.framework */ = {isa = PBXFileReference; lastKnownFileType = wrapper.framework; name = XCTest.framework; path = Platforms/MacOSX.platform/Developer/Library/Frameworks/XCTest.framework; sourceTree = DEVELOPER_DIR; };
		B0DD953D2066C73B002CDB03 /* Foundation.framework */ = {isa = PBXFileReference; lastKnownFileType = wrapper.framework; name = Foundation.framework; path = System/Library/Frameworks/Foundation.framework; sourceTree = SDKROOT; };
		B0DD95472066C7E5002CDB03 /* deprotect-Prefix.pch */ = {isa = PBXFileReference; fileEncoding = 4; lastKnownFileType = sourcecode.c.h; path = "deprotect-Prefix.pch"; sourceTree = "<group>"; };
		B0DD95482066C7E5002CDB03 /* deprotect.m */ = {isa = PBXFileReference; fileEncoding = 4; lastKnownFileType = sourcecode.c.objc; path = deprotect.m; sourceTree = "<group>"; };
		B0DD954A2066C819002CDB03 /* class-dump-Prefix.pch */ = {isa = PBXFileReference; fileEncoding = 4; lastKnownFileType = sourcecode.c.h; path = "class-dump-Prefix.pch"; sourceTree = "<group>"; };
		B0DD954B2066C819002CDB03 /* class-dump.m */ = {isa = PBXFileReference; fileEncoding = 4; lastKnownFileType = sourcecode.c.objc; path = "class-dump.m"; sourceTree = "<group>"; };
		B0DD954D2066C8A9002CDB03 /* CDClassDump.h */ = {isa = PBXFileReference; fileEncoding = 4; lastKnownFileType = sourcecode.c.h; path = CDClassDump.h; sourceTree = "<group>"; };
		B0DD954E2066C8A9002CDB03 /* CDTextClassDumpVisitor.h */ = {isa = PBXFileReference; fileEncoding = 4; lastKnownFileType = sourcecode.c.h; path = CDTextClassDumpVisitor.h; sourceTree = "<group>"; };
		B0DD954F2066C8A9002CDB03 /* CDStructureTable.h */ = {isa = PBXFileReference; fileEncoding = 4; lastKnownFileType = sourcecode.c.h; path = CDStructureTable.h; sourceTree = "<group>"; };
		B0DD95502066C8A9002CDB03 /* CDMultiFileVisitor.h */ = {isa = PBXFileReference; fileEncoding = 4; lastKnownFileType = sourcecode.c.h; path = CDMultiFileVisitor.h; sourceTree = "<group>"; };
		B0DD95512066C8A9002CDB03 /* CDTypeController.m */ = {isa = PBXFileReference; fileEncoding = 4; lastKnownFileType = sourcecode.c.objc; path = CDTypeController.m; sourceTree = "<group>"; };
		B0DD95522066C8A9002CDB03 /* CDVisitor.h */ = {isa = PBXFileReference; fileEncoding = 4; lastKnownFileType = sourcecode.c.h; path = CDVisitor.h; sourceTree = "<group>"; };
		B0DD95532066C8A9002CDB03 /* CDClassFrameworkVisitor.m */ = {isa = PBXFileReference; fileEncoding = 4; lastKnownFileType = sourcecode.c.objc; path = CDClassFrameworkVisitor.m; sourceTree = "<group>"; };
		B0DD95542066C8A9002CDB03 /* CDStructureTable.m */ = {isa = PBXFileReference; fileEncoding = 4; lastKnownFileType = sourcecode.c.objc; path = CDStructureTable.m; sourceTree = "<group>"; };
		B0DD95552066C8A9002CDB03 /* CDFindMethodVisitor.h */ = {isa = PBXFileReference; fileEncoding = 4; lastKnownFileType = sourcecode.c.h; path = CDFindMethodVisitor.h; sourceTree = "<group>"; };
		B0DD95562066C8A9002CDB03 /* CDMultiFileVisitor.m */ = {isa = PBXFileReference; fileEncoding = 4; lastKnownFileType = sourcecode.c.objc; path = CDMultiFileVisitor.m; sourceTree = "<group>"; };
		B0DD95572066C8A9002CDB03 /* CDTypeController.h */ = {isa = PBXFileReference; fileEncoding = 4; lastKnownFileType = sourcecode.c.h; path = CDTypeController.h; sourceTree = "<group>"; };
		B0DD95582066C8AA002CDB03 /* CDStructureInfo.h */ = {isa = PBXFileReference; fileEncoding = 4; lastKnownFileType = sourcecode.c.h; path = CDStructureInfo.h; sourceTree = "<group>"; };
		B0DD95592066C8AA002CDB03 /* CDVisitor.m */ = {isa = PBXFileReference; fileEncoding = 4; lastKnownFileType = sourcecode.c.objc; path = CDVisitor.m; sourceTree = "<group>"; };
		B0DD955A2066C8AA002CDB03 /* CDClassDump.m */ = {isa = PBXFileReference; fileEncoding = 4; lastKnownFileType = sourcecode.c.objc; path = CDClassDump.m; sourceTree = "<group>"; };
		B0DD955B2066C8AA002CDB03 /* CDClassFrameworkVisitor.h */ = {isa = PBXFileReference; fileEncoding = 4; lastKnownFileType = sourcecode.c.h; path = CDClassFrameworkVisitor.h; sourceTree = "<group>"; };
		B0DD955C2066C8AA002CDB03 /* CDFindMethodVisitor.m */ = {isa = PBXFileReference; fileEncoding = 4; lastKnownFileType = sourcecode.c.objc; path = CDFindMethodVisitor.m; sourceTree = "<group>"; };
		B0DD955D2066C8AA002CDB03 /* CDSearchPathState.m */ = {isa = PBXFileReference; fileEncoding = 4; lastKnownFileType = sourcecode.c.objc; path = CDSearchPathState.m; sourceTree = "<group>"; };
		B0DD955E2066C8AA002CDB03 /* CDSearchPathState.h */ = {isa = PBXFileReference; fileEncoding = 4; lastKnownFileType = sourcecode.c.h; path = CDSearchPathState.h; sourceTree = "<group>"; };
		B0DD955F2066C8AA002CDB03 /* CDClassDumpVisitor.h */ = {isa = PBXFileReference; fileEncoding = 4; lastKnownFileType = sourcecode.c.h; path = CDClassDumpVisitor.h; sourceTree = "<group>"; };
		B0DD95602066C8AA002CDB03 /* CDStructureInfo.m */ = {isa = PBXFileReference; fileEncoding = 4; lastKnownFileType = sourcecode.c.objc; path = CDStructureInfo.m; sourceTree = "<group>"; };
		B0DD95612066C8AA002CDB03 /* CDClassDumpVisitor.m */ = {isa = PBXFileReference; fileEncoding = 4; lastKnownFileType = sourcecode.c.objc; path = CDClassDumpVisitor.m; sourceTree = "<group>"; };
		B0DD95622066C8AA002CDB03 /* CDTextClassDumpVisitor.m */ = {isa = PBXFileReference; fileEncoding = 4; lastKnownFileType = sourcecode.c.objc; path = CDTextClassDumpVisitor.m; sourceTree = "<group>"; };
		B0DD956E2066C8CE002CDB03 /* formatType-Prefix.pch */ = {isa = PBXFileReference; fileEncoding = 4; lastKnownFileType = sourcecode.c.h; path = "formatType-Prefix.pch"; sourceTree = "<group>"; };
		B0DD956F2066C8CE002CDB03 /* formatType.m */ = {isa = PBXFileReference; fileEncoding = 4; lastKnownFileType = sourcecode.c.objc; path = formatType.m; sourceTree = "<group>"; };
		B0DD95712066C909002CDB03 /* TestBlockSignature.m */ = {isa = PBXFileReference; fileEncoding = 4; lastKnownFileType = sourcecode.c.objc; path = TestBlockSignature.m; sourceTree = "<group>"; };
		B0DD95722066C909002CDB03 /* TestFatFile_Intel32_64.m */ = {isa = PBXFileReference; fileEncoding = 4; lastKnownFileType = sourcecode.c.objc; path = TestFatFile_Intel32_64.m; sourceTree = "<group>"; };
		B0DD95732066C909002CDB03 /* TestThinFile_Intel64.m */ = {isa = PBXFileReference; fileEncoding = 4; lastKnownFileType = sourcecode.c.objc; path = TestThinFile_Intel64.m; sourceTree = "<group>"; };
		B0DD95742066C909002CDB03 /* UnitTests-Prefix.pch */ = {isa = PBXFileReference; fileEncoding = 4; lastKnownFileType = sourcecode.c.h; path = "UnitTests-Prefix.pch"; sourceTree = "<group>"; };
		B0DD95752066C909002CDB03 /* TestCDArchFromName.m */ = {isa = PBXFileReference; fileEncoding = 4; lastKnownFileType = sourcecode.c.objc; path = TestCDArchFromName.m; sourceTree = "<group>"; };
		B0DD95762066C909002CDB03 /* TestFatFile_armv7_v7s.m */ = {isa = PBXFileReference; fileEncoding = 4; lastKnownFileType = sourcecode.c.objc; path = TestFatFile_armv7_v7s.m; sourceTree = "<group>"; };
		B0DD95772066C909002CDB03 /* TestCDArchUses64BitABI.m */ = {isa = PBXFileReference; fileEncoding = 4; lastKnownFileType = sourcecode.c.objc; path = TestCDArchUses64BitABI.m; sourceTree = "<group>"; };
		B0DD95782066C909002CDB03 /* TestCDNameForCPUType.m */ = {isa = PBXFileReference; fileEncoding = 4; lastKnownFileType = sourcecode.c.objc; path = TestCDNameForCPUType.m; sourceTree = "<group>"; };
		B0DD95792066C909002CDB03 /* TestFatFile_Intel32_64_lib64.m */ = {isa = PBXFileReference; fileEncoding = 4; lastKnownFileType = sourcecode.c.objc; path = TestFatFile_Intel32_64_lib64.m; sourceTree = "<group>"; };
		B0DD957A2066C90A002CDB03 /* TestFatFile_Intel64_32.m */ = {isa = PBXFileReference; fileEncoding = 4; lastKnownFileType = sourcecode.c.objc; path = TestFatFile_Intel64_32.m; sourceTree = "<group>"; };
		B0DD957B2066C90A002CDB03 /* TestThinFile_Intel64_lib64.m */ = {isa = PBXFileReference; fileEncoding = 4; lastKnownFileType = sourcecode.c.objc; path = TestThinFile_Intel64_lib64.m; sourceTree = "<group>"; };
		B0DD95862066C9D2002CDB03 /* Info.plist */ = {isa = PBXFileReference; fileEncoding = 4; lastKnownFileType = text.plist.xml; path = Info.plist; sourceTree = "<group>"; };
		B0DD95872066CACF002CDB03 /* MachObjC-Prefix.pch */ = {isa = PBXFileReference; fileEncoding = 4; lastKnownFileType = sourcecode.c.h; path = "MachObjC-Prefix.pch"; sourceTree = "<group>"; };
		B0DD958A2066CB5A002CDB03 /* NSError-CDExtensions.h */ = {isa = PBXFileReference; fileEncoding = 4; lastKnownFileType = sourcecode.c.h; path = "NSError-CDExtensions.h"; sourceTree = "<group>"; };
		B0DD958B2066CB5A002CDB03 /* CDTopologicalSortProtocol.h */ = {isa = PBXFileReference; fileEncoding = 4; lastKnownFileType = sourcecode.c.h; path = CDTopologicalSortProtocol.h; sourceTree = "<group>"; };
		B0DD958C2066CB5A002CDB03 /* CDTopoSortNode.m */ = {isa = PBXFileReference; fileEncoding = 4; lastKnownFileType = sourcecode.c.objc; path = CDTopoSortNode.m; sourceTree = "<group>"; };
		B0DD958D2066CB5A002CDB03 /* NSString-CDExtensions.h */ = {isa = PBXFileReference; fileEncoding = 4; lastKnownFileType = sourcecode.c.h; path = "NSString-CDExtensions.h"; sourceTree = "<group>"; };
		B0DD958E2066CB5A002CDB03 /* ULEB128.h */ = {isa = PBXFileReference; fileEncoding = 4; lastKnownFileType = sourcecode.c.h; path = ULEB128.h; sourceTree = "<group>"; };
		B0DD958F2066CB5A002CDB03 /* ULEB128.m */ = {isa = PBXFileReference; fileEncoding = 4; lastKnownFileType = sourcecode.c.objc; path = ULEB128.m; sourceTree = "<group>"; };
		B0DD95902066CB5A002CDB03 /* NSScanner-CDExtensions.h */ = {isa = PBXFileReference; fileEncoding = 4; lastKnownFileType = sourcecode.c.h; path = "NSScanner-CDExtensions.h"; sourceTree = "<group>"; };
		B0DD95912066CB5A002CDB03 /* CDExtensions.h */ = {isa = PBXFileReference; fileEncoding = 4; lastKnownFileType = sourcecode.c.h; path = CDExtensions.h; sourceTree = "<group>"; };
		B0DD95922066CB5A002CDB03 /* NSArray-CDExtensions.m */ = {isa = PBXFileReference; fileEncoding = 4; lastKnownFileType = sourcecode.c.objc; path = "NSArray-CDExtensions.m"; sourceTree = "<group>"; };
		B0DD95932066CB5A002CDB03 /* NSData-CDExtensions.h */ = {isa = PBXFileReference; fileEncoding = 4; lastKnownFileType = sourcecode.c.h; path = "NSData-CDExtensions.h"; sourceTree = "<group>"; };
		B0DD95942066CB5A002CDB03 /* NSError-CDExtensions.m */ = {isa = PBXFileReference; fileEncoding = 4; lastKnownFileType = sourcecode.c.objc; path = "NSError-CDExtensions.m"; sourceTree = "<group>"; };
		B0DD95952066CB5A002CDB03 /* NSString-CDExtensions.m */ = {isa = PBXFileReference; fileEncoding = 4; lastKnownFileType = sourcecode.c.objc; path = "NSString-CDExtensions.m"; sourceTree = "<group>"; };
		B0DD95962066CB5A002CDB03 /* CDTopoSortNode.h */ = {isa = PBXFileReference; fileEncoding = 4; lastKnownFileType = sourcecode.c.h; path = CDTopoSortNode.h; sourceTree = "<group>"; };
		B0DD95972066CB5A002CDB03 /* NSArray-CDExtensions.h */ = {isa = PBXFileReference; fileEncoding = 4; lastKnownFileType = sourcecode.c.h; path = "NSArray-CDExtensions.h"; sourceTree = "<group>"; };
		B0DD95982066CB5B002CDB03 /* NSScanner-CDExtensions.m */ = {isa = PBXFileReference; fileEncoding = 4; lastKnownFileType = sourcecode.c.objc; path = "NSScanner-CDExtensions.m"; sourceTree = "<group>"; };
		B0DD95992066CB5B002CDB03 /* NSData-CDExtensions.m */ = {isa = PBXFileReference; fileEncoding = 4; lastKnownFileType = sourcecode.c.objc; path = "NSData-CDExtensions.m"; sourceTree = "<group>"; };
		B0DD95B02066CBD8002CDB03 /* CDMachOFileDataCursor.m */ = {isa = PBXFileReference; fileEncoding = 4; lastKnownFileType = sourcecode.c.objc; path = CDMachOFileDataCursor.m; sourceTree = "<group>"; };
		B0DD95B12066CBD8002CDB03 /* CDMachOFileDataCursor.h */ = {isa = PBXFileReference; fileEncoding = 4; lastKnownFileType = sourcecode.c.h; path = CDMachOFileDataCursor.h; sourceTree = "<group>"; };
		B0DD95B22066CBD8002CDB03 /* CDDataCursor.m */ = {isa = PBXFileReference; fileEncoding = 4; lastKnownFileType = sourcecode.c.objc; path = CDDataCursor.m; sourceTree = "<group>"; };
		B0DD95B32066CBD8002CDB03 /* CDDataCursor.h */ = {isa = PBXFileReference; fileEncoding = 4; lastKnownFileType = sourcecode.c.h; path = CDDataCursor.h; sourceTree = "<group>"; };
		B0DD95B82066CC1C002CDB03 /* CDLCDynamicSymbolTable.h */ = {isa = PBXFileReference; fileEncoding = 4; lastKnownFileType = sourcecode.c.h; path = CDLCDynamicSymbolTable.h; sourceTree = "<group>"; };
		B0DD95B92066CC1C002CDB03 /* CDLCLinkeditData.h */ = {isa = PBXFileReference; fileEncoding = 4; lastKnownFileType = sourcecode.c.h; path = CDLCLinkeditData.h; sourceTree = "<group>"; };
		B0DD95BA2066CC1C002CDB03 /* CDLCEncryptionInfo.h */ = {isa = PBXFileReference; fileEncoding = 4; lastKnownFileType = sourcecode.c.h; path = CDLCEncryptionInfo.h; sourceTree = "<group>"; };
		B0DD95BB2066CC1C002CDB03 /* CDLCDylinker.m */ = {isa = PBXFileReference; fileEncoding = 4; lastKnownFileType = sourcecode.c.objc; path = CDLCDylinker.m; sourceTree = "<group>"; };
		B0DD95BC2066CC1C002CDB03 /* CDLCDylib.h */ = {isa = PBXFileReference; fileEncoding = 4; lastKnownFileType = sourcecode.c.h; path = CDLCDylib.h; sourceTree = "<group>"; };
		B0DD95BD2066CC1C002CDB03 /* CDLCDyldInfo.h */ = {isa = PBXFileReference; fileEncoding = 4; lastKnownFileType = sourcecode.c.h; path = CDLCDyldInfo.h; sourceTree = "<group>"; };
		B0DD95BE2066CC1C002CDB03 /* CDLCDylinker.h */ = {isa = PBXFileReference; fileEncoding = 4; lastKnownFileType = sourcecode.c.h; path = CDLCDylinker.h; sourceTree = "<group>"; };
		B0DD95BF2066CC1C002CDB03 /* CDLCEncryptionInfo.m */ = {isa = PBXFileReference; fileEncoding = 4; lastKnownFileType = sourcecode.c.objc; path = CDLCEncryptionInfo.m; sourceTree = "<group>"; };
		B0DD95C02066CC1D002CDB03 /* CDLCDylib.m */ = {isa = PBXFileReference; fileEncoding = 4; lastKnownFileType = sourcecode.c.objc; path = CDLCDylib.m; sourceTree = "<group>"; };
		B0DD95C12066CC1D002CDB03 /* CDLCDyldInfo.m */ = {isa = PBXFileReference; fileEncoding = 4; lastKnownFileType = sourcecode.c.objc; path = CDLCDyldInfo.m; sourceTree = "<group>"; };
		B0DD95C22066CC1D002CDB03 /* CDLCDynamicSymbolTable.m */ = {isa = PBXFileReference; fileEncoding = 4; lastKnownFileType = sourcecode.c.objc; path = CDLCDynamicSymbolTable.m; sourceTree = "<group>"; };
		B0DD95C32066CC1D002CDB03 /* CDLCFunctionStarts.h */ = {isa = PBXFileReference; fileEncoding = 4; lastKnownFileType = sourcecode.c.h; path = CDLCFunctionStarts.h; sourceTree = "<group>"; };
		B0DD95C42066CC1D002CDB03 /* CDLCLinkeditData.m */ = {isa = PBXFileReference; fileEncoding = 4; lastKnownFileType = sourcecode.c.objc; path = CDLCLinkeditData.m; sourceTree = "<group>"; };
		B0DD95C52066CC1D002CDB03 /* CDLCFunctionStarts.m */ = {isa = PBXFileReference; fileEncoding = 4; lastKnownFileType = sourcecode.c.objc; path = CDLCFunctionStarts.m; sourceTree = "<group>"; };
		B0DD95D42066CCDB002CDB03 /* CDLCUUID.m */ = {isa = PBXFileReference; fileEncoding = 4; lastKnownFileType = sourcecode.c.objc; path = CDLCUUID.m; sourceTree = "<group>"; };
		B0DD95D52066CCDB002CDB03 /* CDLCSubClient.h */ = {isa = PBXFileReference; fileEncoding = 4; lastKnownFileType = sourcecode.c.h; path = CDLCSubClient.h; sourceTree = "<group>"; };
		B0DD95D62066CCDB002CDB03 /* CDLCVersionMinimum.h */ = {isa = PBXFileReference; fileEncoding = 4; lastKnownFileType = sourcecode.c.h; path = CDLCVersionMinimum.h; sourceTree = "<group>"; };
		B0DD95D72066CCDC002CDB03 /* CDLCRoutines64.m */ = {isa = PBXFileReference; fileEncoding = 4; lastKnownFileType = sourcecode.c.objc; path = CDLCRoutines64.m; sourceTree = "<group>"; };
		B0DD95D82066CCDC002CDB03 /* CDLCTwoLevelHints.h */ = {isa = PBXFileReference; fileEncoding = 4; lastKnownFileType = sourcecode.c.h; path = CDLCTwoLevelHints.h; sourceTree = "<group>"; };
		B0DD95D92066CCDC002CDB03 /* CDLCSubUmbrella.m */ = {isa = PBXFileReference; fileEncoding = 4; lastKnownFileType = sourcecode.c.objc; path = CDLCSubUmbrella.m; sourceTree = "<group>"; };
		B0DD95DA2066CCDC002CDB03 /* CDLCUnixThread.m */ = {isa = PBXFileReference; fileEncoding = 4; lastKnownFileType = sourcecode.c.objc; path = CDLCUnixThread.m; sourceTree = "<group>"; };
		B0DD95DB2066CCDC002CDB03 /* CDLCSymbolTable.m */ = {isa = PBXFileReference; fileEncoding = 4; lastKnownFileType = sourcecode.c.objc; path = CDLCSymbolTable.m; sourceTree = "<group>"; };
		B0DD95DC2066CCDC002CDB03 /* CDLCRoutines32.h */ = {isa = PBXFileReference; fileEncoding = 4; lastKnownFileType = sourcecode.c.h; path = CDLCRoutines32.h; sourceTree = "<group>"; };
		B0DD95DD2066CCDC002CDB03 /* CDLCSubFramework.m */ = {isa = PBXFileReference; fileEncoding = 4; lastKnownFileType = sourcecode.c.objc; path = CDLCSubFramework.m; sourceTree = "<group>"; };
		B0DD95DE2066CCDC002CDB03 /* CDLCPrebindChecksum.h */ = {isa = PBXFileReference; fileEncoding = 4; lastKnownFileType = sourcecode.c.h; path = CDLCPrebindChecksum.h; sourceTree = "<group>"; };
		B0DD95DF2066CCDC002CDB03 /* CDLCTwoLevelHints.m */ = {isa = PBXFileReference; fileEncoding = 4; lastKnownFileType = sourcecode.c.objc; path = CDLCTwoLevelHints.m; sourceTree = "<group>"; };
		B0DD95E02066CCDC002CDB03 /* CDLCUUID.h */ = {isa = PBXFileReference; fileEncoding = 4; lastKnownFileType = sourcecode.c.h; path = CDLCUUID.h; sourceTree = "<group>"; };
		B0DD95E12066CCDC002CDB03 /* CDLCSegment.h */ = {isa = PBXFileReference; fileEncoding = 4; lastKnownFileType = sourcecode.c.h; path = CDLCSegment.h; sourceTree = "<group>"; };
		B0DD95E22066CCDC002CDB03 /* CDLCVersionMinimum.m */ = {isa = PBXFileReference; fileEncoding = 4; lastKnownFileType = sourcecode.c.objc; path = CDLCVersionMinimum.m; sourceTree = "<group>"; };
		B0DD95E32066CCDC002CDB03 /* CDLoadCommand.h */ = {isa = PBXFileReference; fileEncoding = 4; lastKnownFileType = sourcecode.c.h; path = CDLoadCommand.h; sourceTree = "<group>"; };
		B0DD95E42066CCDE002CDB03 /* CDLCSubFramework.h */ = {isa = PBXFileReference; fileEncoding = 4; lastKnownFileType = sourcecode.c.h; path = CDLCSubFramework.h; sourceTree = "<group>"; };
		B0DD95E52066CCDE002CDB03 /* CDLCUnknown.m */ = {isa = PBXFileReference; fileEncoding = 4; lastKnownFileType = sourcecode.c.objc; path = CDLCUnknown.m; sourceTree = "<group>"; };
		B0DD95E62066CCDE002CDB03 /* CDLCMain.h */ = {isa = PBXFileReference; fileEncoding = 4; lastKnownFileType = sourcecode.c.h; path = CDLCMain.h; sourceTree = "<group>"; };
		B0DD95E72066CCDE002CDB03 /* CDLCUnixThread.h */ = {isa = PBXFileReference; fileEncoding = 4; lastKnownFileType = sourcecode.c.h; path = CDLCUnixThread.h; sourceTree = "<group>"; };
		B0DD95E82066CCDE002CDB03 /* CDLoadCommand.m */ = {isa = PBXFileReference; fileEncoding = 4; lastKnownFileType = sourcecode.c.objc; path = CDLoadCommand.m; sourceTree = "<group>"; };
		B0DD95E92066CCDE002CDB03 /* CDLCSourceVersion.h */ = {isa = PBXFileReference; fileEncoding = 4; lastKnownFileType = sourcecode.c.h; path = CDLCSourceVersion.h; sourceTree = "<group>"; };
		B0DD95EA2066CCDE002CDB03 /* CDLCRunPath.m */ = {isa = PBXFileReference; fileEncoding = 4; lastKnownFileType = sourcecode.c.objc; path = CDLCRunPath.m; sourceTree = "<group>"; };
		B0DD95EB2066CCDF002CDB03 /* CDLCSubLibrary.h */ = {isa = PBXFileReference; fileEncoding = 4; lastKnownFileType = sourcecode.c.h; path = CDLCSubLibrary.h; sourceTree = "<group>"; };
		B0DD95EC2066CCDF002CDB03 /* CDLCSourceVersion.m */ = {isa = PBXFileReference; fileEncoding = 4; lastKnownFileType = sourcecode.c.objc; path = CDLCSourceVersion.m; sourceTree = "<group>"; };
		B0DD95ED2066CCDF002CDB03 /* CDLCSubClient.m */ = {isa = PBXFileReference; fileEncoding = 4; lastKnownFileType = sourcecode.c.objc; path = CDLCSubClient.m; sourceTree = "<group>"; };
		B0DD95EE2066CCDF002CDB03 /* CDLCSymbolTable.h */ = {isa = PBXFileReference; fileEncoding = 4; lastKnownFileType = sourcecode.c.h; path = CDLCSymbolTable.h; sourceTree = "<group>"; };
		B0DD95EF2066CCDF002CDB03 /* CDLCSubLibrary.m */ = {isa = PBXFileReference; fileEncoding = 4; lastKnownFileType = sourcecode.c.objc; path = CDLCSubLibrary.m; sourceTree = "<group>"; };
		B0DD95F02066CCDF002CDB03 /* CDLCPreboundDylib.h */ = {isa = PBXFileReference; fileEncoding = 4; lastKnownFileType = sourcecode.c.h; path = CDLCPreboundDylib.h; sourceTree = "<group>"; };
		B0DD95F12066CCDF002CDB03 /* CDLCDataInCode.m */ = {isa = PBXFileReference; fileEncoding = 4; lastKnownFileType = sourcecode.c.objc; path = CDLCDataInCode.m; sourceTree = "<group>"; };
		B0DD95F22066CCDF002CDB03 /* CDLCMain.m */ = {isa = PBXFileReference; fileEncoding = 4; lastKnownFileType = sourcecode.c.objc; path = CDLCMain.m; sourceTree = "<group>"; };
		B0DD95F32066CCDF002CDB03 /* CDLCDataInCode.h */ = {isa = PBXFileReference; fileEncoding = 4; lastKnownFileType = sourcecode.c.h; path = CDLCDataInCode.h; sourceTree = "<group>"; };
		B0DD95F42066CCDF002CDB03 /* CDLCPreboundDylib.m */ = {isa = PBXFileReference; fileEncoding = 4; lastKnownFileType = sourcecode.c.objc; path = CDLCPreboundDylib.m; sourceTree = "<group>"; };
		B0DD95F52066CCE0002CDB03 /* CDLCRoutines32.m */ = {isa = PBXFileReference; fileEncoding = 4; lastKnownFileType = sourcecode.c.objc; path = CDLCRoutines32.m; sourceTree = "<group>"; };
		B0DD95F62066CCE0002CDB03 /* CDLCSegment.m */ = {isa = PBXFileReference; fileEncoding = 4; lastKnownFileType = sourcecode.c.objc; path = CDLCSegment.m; sourceTree = "<group>"; };
		B0DD95F72066CCE0002CDB03 /* CDLCRoutines64.h */ = {isa = PBXFileReference; fileEncoding = 4; lastKnownFileType = sourcecode.c.h; path = CDLCRoutines64.h; sourceTree = "<group>"; };
		B0DD95F82066CCE0002CDB03 /* CDLCRunPath.h */ = {isa = PBXFileReference; fileEncoding = 4; lastKnownFileType = sourcecode.c.h; path = CDLCRunPath.h; sourceTree = "<group>"; };
		B0DD95F92066CCE0002CDB03 /* CDLCSubUmbrella.h */ = {isa = PBXFileReference; fileEncoding = 4; lastKnownFileType = sourcecode.c.h; path = CDLCSubUmbrella.h; sourceTree = "<group>"; };
		B0DD95FA2066CCE0002CDB03 /* CDLCPrebindChecksum.m */ = {isa = PBXFileReference; fileEncoding = 4; lastKnownFileType = sourcecode.c.objc; path = CDLCPrebindChecksum.m; sourceTree = "<group>"; };
		B0DD95FB2066CCE0002CDB03 /* CDLCUnknown.h */ = {isa = PBXFileReference; fileEncoding = 4; lastKnownFileType = sourcecode.c.h; path = CDLCUnknown.h; sourceTree = "<group>"; };
		B0DD96242066CD74002CDB03 /* CDFatArch.m */ = {isa = PBXFileReference; fileEncoding = 4; lastKnownFileType = sourcecode.c.objc; path = CDFatArch.m; sourceTree = "<group>"; };
		B0DD96252066CD74002CDB03 /* CDObjectiveC2Processor.m */ = {isa = PBXFileReference; fileEncoding = 4; lastKnownFileType = sourcecode.c.objc; path = CDObjectiveC2Processor.m; sourceTree = "<group>"; };
		B0DD96262066CD74002CDB03 /* CDSection.h */ = {isa = PBXFileReference; fileEncoding = 4; lastKnownFileType = sourcecode.c.h; path = CDSection.h; sourceTree = "<group>"; };
		B0DD96272066CD74002CDB03 /* CDObjectiveCProcessor.h */ = {isa = PBXFileReference; fileEncoding = 4; lastKnownFileType = sourcecode.c.h; path = CDObjectiveCProcessor.h; sourceTree = "<group>"; };
		B0DD96282066CD74002CDB03 /* CDObjectiveCProcessor.m */ = {isa = PBXFileReference; fileEncoding = 4; lastKnownFileType = sourcecode.c.objc; path = CDObjectiveCProcessor.m; sourceTree = "<group>"; };
		B0DD96292066CD74002CDB03 /* CDSection.m */ = {isa = PBXFileReference; fileEncoding = 4; lastKnownFileType = sourcecode.c.objc; path = CDSection.m; sourceTree = "<group>"; };
		B0DD962A2066CD74002CDB03 /* CDFatFile.h */ = {isa = PBXFileReference; fileEncoding = 4; lastKnownFileType = sourcecode.c.h; path = CDFatFile.h; sourceTree = "<group>"; };
		B0DD962B2066CD74002CDB03 /* CDObjectiveC1Processor.m */ = {isa = PBXFileReference; fileEncoding = 4; lastKnownFileType = sourcecode.c.objc; path = CDObjectiveC1Processor.m; sourceTree = "<group>"; };
		B0DD962C2066CD74002CDB03 /* CDFile.m */ = {isa = PBXFileReference; fileEncoding = 4; lastKnownFileType = sourcecode.c.objc; path = CDFile.m; sourceTree = "<group>"; };
		B0DD962D2066CD74002CDB03 /* CDMachOFile.h */ = {isa = PBXFileReference; fileEncoding = 4; lastKnownFileType = sourcecode.c.h; path = CDMachOFile.h; sourceTree = "<group>"; };
		B0DD962E2066CD74002CDB03 /* CDFile.h */ = {isa = PBXFileReference; fileEncoding = 4; lastKnownFileType = sourcecode.c.h; path = CDFile.h; sourceTree = "<group>"; };
		B0DD962F2066CD75002CDB03 /* CDRelocationInfo.h */ = {isa = PBXFileReference; fileEncoding = 4; lastKnownFileType = sourcecode.c.h; path = CDRelocationInfo.h; sourceTree = "<group>"; };
		B0DD96302066CD75002CDB03 /* CDRelocationInfo.m */ = {isa = PBXFileReference; fileEncoding = 4; lastKnownFileType = sourcecode.c.objc; path = CDRelocationInfo.m; sourceTree = "<group>"; };
		B0DD96312066CD75002CDB03 /* CDSymbol.h */ = {isa = PBXFileReference; fileEncoding = 4; lastKnownFileType = sourcecode.c.h; path = CDSymbol.h; sourceTree = "<group>"; };
		B0DD96322066CD75002CDB03 /* CDFatArch.h */ = {isa = PBXFileReference; fileEncoding = 4; lastKnownFileType = sourcecode.c.h; path = CDFatArch.h; sourceTree = "<group>"; };
		B0DD96332066CD75002CDB03 /* CDObjectiveC2Processor.h */ = {isa = PBXFileReference; fileEncoding = 4; lastKnownFileType = sourcecode.c.h; path = CDObjectiveC2Processor.h; sourceTree = "<group>"; };
		B0DD96342066CD75002CDB03 /* CDFatFile.m */ = {isa = PBXFileReference; fileEncoding = 4; lastKnownFileType = sourcecode.c.objc; path = CDFatFile.m; sourceTree = "<group>"; };
		B0DD96352066CD75002CDB03 /* CDObjectiveC1Processor.h */ = {isa = PBXFileReference; fileEncoding = 4; lastKnownFileType = sourcecode.c.h; path = CDObjectiveC1Processor.h; sourceTree = "<group>"; };
		B0DD96362066CD75002CDB03 /* CDProtocolUniquer.m */ = {isa = PBXFileReference; fileEncoding = 4; lastKnownFileType = sourcecode.c.objc; path = CDProtocolUniquer.m; sourceTree = "<group>"; };
		B0DD96372066CD75002CDB03 /* CDProtocolUniquer.h */ = {isa = PBXFileReference; fileEncoding = 4; lastKnownFileType = sourcecode.c.h; path = CDProtocolUniquer.h; sourceTree = "<group>"; };
		B0DD96382066CD76002CDB03 /* cd_objc2.h */ = {isa = PBXFileReference; fileEncoding = 4; lastKnownFileType = sourcecode.c.h; path = cd_objc2.h; sourceTree = "<group>"; };
		B0DD96392066CD76002CDB03 /* CDMachOFile.m */ = {isa = PBXFileReference; fileEncoding = 4; lastKnownFileType = sourcecode.c.objc; path = CDMachOFile.m; sourceTree = "<group>"; };
		B0DD963A2066CD76002CDB03 /* CDSymbol.m */ = {isa = PBXFileReference; fileEncoding = 4; lastKnownFileType = sourcecode.c.objc; path = CDSymbol.m; sourceTree = "<group>"; };
		B0DD96522066CDD9002CDB03 /* CDOCInstanceVariable.m */ = {isa = PBXFileReference; fileEncoding = 4; lastKnownFileType = sourcecode.c.objc; path = CDOCInstanceVariable.m; sourceTree = "<group>"; };
		B0DD96532066CDD9002CDB03 /* CDOCClass.h */ = {isa = PBXFileReference; fileEncoding = 4; lastKnownFileType = sourcecode.c.h; path = CDOCClass.h; sourceTree = "<group>"; };
		B0DD96542066CDD9002CDB03 /* CDOCProperty.m */ = {isa = PBXFileReference; fileEncoding = 4; lastKnownFileType = sourcecode.c.objc; path = CDOCProperty.m; sourceTree = "<group>"; };
		B0DD96552066CDD9002CDB03 /* CDOCModule.h */ = {isa = PBXFileReference; fileEncoding = 4; lastKnownFileType = sourcecode.c.h; path = CDOCModule.h; sourceTree = "<group>"; };
		B0DD96562066CDD9002CDB03 /* CDOCProtocol.m */ = {isa = PBXFileReference; fileEncoding = 4; lastKnownFileType = sourcecode.c.objc; path = CDOCProtocol.m; sourceTree = "<group>"; };
		B0DD96572066CDD9002CDB03 /* CDOCCategory.m */ = {isa = PBXFileReference; fileEncoding = 4; lastKnownFileType = sourcecode.c.objc; path = CDOCCategory.m; sourceTree = "<group>"; };
		B0DD96582066CDD9002CDB03 /* CDOCClassReference.h */ = {isa = PBXFileReference; fileEncoding = 4; lastKnownFileType = sourcecode.c.h; path = CDOCClassReference.h; sourceTree = "<group>"; };
		B0DD96592066CDD9002CDB03 /* CDOCProtocol.h */ = {isa = PBXFileReference; fileEncoding = 4; lastKnownFileType = sourcecode.c.h; path = CDOCProtocol.h; sourceTree = "<group>"; };
		B0DD965A2066CDD9002CDB03 /* CDOCCategory.h */ = {isa = PBXFileReference; fileEncoding = 4; lastKnownFileType = sourcecode.c.h; path = CDOCCategory.h; sourceTree = "<group>"; };
		B0DD965B2066CDD9002CDB03 /* CDOCClass.m */ = {isa = PBXFileReference; fileEncoding = 4; lastKnownFileType = sourcecode.c.objc; path = CDOCClass.m; sourceTree = "<group>"; };
		B0DD965C2066CDD9002CDB03 /* CDOCClassReference.m */ = {isa = PBXFileReference; fileEncoding = 4; lastKnownFileType = sourcecode.c.objc; path = CDOCClassReference.m; sourceTree = "<group>"; };
		B0DD965D2066CDDA002CDB03 /* CDOCSymtab.h */ = {isa = PBXFileReference; fileEncoding = 4; lastKnownFileType = sourcecode.c.h; path = CDOCSymtab.h; sourceTree = "<group>"; };
		B0DD965E2066CDDA002CDB03 /* CDOCMethod.m */ = {isa = PBXFileReference; fileEncoding = 4; lastKnownFileType = sourcecode.c.objc; path = CDOCMethod.m; sourceTree = "<group>"; };
		B0DD965F2066CDDA002CDB03 /* CDOCSymtab.m */ = {isa = PBXFileReference; fileEncoding = 4; lastKnownFileType = sourcecode.c.objc; path = CDOCSymtab.m; sourceTree = "<group>"; };
		B0DD96602066CDDA002CDB03 /* CDOCMethod.h */ = {isa = PBXFileReference; fileEncoding = 4; lastKnownFileType = sourcecode.c.h; path = CDOCMethod.h; sourceTree = "<group>"; };
		B0DD96612066CDDA002CDB03 /* CDVisitorPropertyState.h */ = {isa = PBXFileReference; fileEncoding = 4; lastKnownFileType = sourcecode.c.h; path = CDVisitorPropertyState.h; sourceTree = "<group>"; };
		B0DD96622066CDDA002CDB03 /* CDOCModule.m */ = {isa = PBXFileReference; fileEncoding = 4; lastKnownFileType = sourcecode.c.objc; path = CDOCModule.m; sourceTree = "<group>"; };
		B0DD96632066CDDA002CDB03 /* CDOCProperty.h */ = {isa = PBXFileReference; fileEncoding = 4; lastKnownFileType = sourcecode.c.h; path = CDOCProperty.h; sourceTree = "<group>"; };
		B0DD96642066CDDA002CDB03 /* CDVisitorPropertyState.m */ = {isa = PBXFileReference; fileEncoding = 4; lastKnownFileType = sourcecode.c.objc; path = CDVisitorPropertyState.m; sourceTree = "<group>"; };
		B0DD96652066CDDA002CDB03 /* CDOCInstanceVariable.h */ = {isa = PBXFileReference; fileEncoding = 4; lastKnownFileType = sourcecode.c.h; path = CDOCInstanceVariable.h; sourceTree = "<group>"; };
		B0DD967A2066CE3E002CDB03 /* CDTypeParser.h */ = {isa = PBXFileReference; fileEncoding = 4; lastKnownFileType = sourcecode.c.h; path = CDTypeParser.h; sourceTree = "<group>"; };
		B0DD967B2066CE3E002CDB03 /* CDType.h */ = {isa = PBXFileReference; fileEncoding = 4; lastKnownFileType = sourcecode.c.h; path = CDType.h; sourceTree = "<group>"; };
		B0DD967C2066CE3E002CDB03 /* CDTypeFormatter.m */ = {isa = PBXFileReference; fileEncoding = 4; lastKnownFileType = sourcecode.c.objc; path = CDTypeFormatter.m; sourceTree = "<group>"; };
		B0DD967D2066CE3E002CDB03 /* CDTypeParser.m */ = {isa = PBXFileReference; fileEncoding = 4; lastKnownFileType = sourcecode.c.objc; path = CDTypeParser.m; sourceTree = "<group>"; };
		B0DD967E2066CE3E002CDB03 /* CDBalanceFormatter.m */ = {isa = PBXFileReference; fileEncoding = 4; lastKnownFileType = sourcecode.c.objc; path = CDBalanceFormatter.m; sourceTree = "<group>"; };
		B0DD967F2066CE3E002CDB03 /* CDTypeName.m */ = {isa = PBXFileReference; fileEncoding = 4; lastKnownFileType = sourcecode.c.objc; path = CDTypeName.m; sourceTree = "<group>"; };
		B0DD96802066CE3E002CDB03 /* CDTypeLexer.m */ = {isa = PBXFileReference; fileEncoding = 4; lastKnownFileType = sourcecode.c.objc; path = CDTypeLexer.m; sourceTree = "<group>"; };
		B0DD96812066CE3F002CDB03 /* CDMethodType.m */ = {isa = PBXFileReference; fileEncoding = 4; lastKnownFileType = sourcecode.c.objc; path = CDMethodType.m; sourceTree = "<group>"; };
		B0DD96822066CE3F002CDB03 /* CDTypeName.h */ = {isa = PBXFileReference; fileEncoding = 4; lastKnownFileType = sourcecode.c.h; path = CDTypeName.h; sourceTree = "<group>"; };
		B0DD96832066CE3F002CDB03 /* CDTypeFormatter.h */ = {isa = PBXFileReference; fileEncoding = 4; lastKnownFileType = sourcecode.c.h; path = CDTypeFormatter.h; sourceTree = "<group>"; };
		B0DD96842066CE3F002CDB03 /* CDType.m */ = {isa = PBXFileReference; fileEncoding = 4; lastKnownFileType = sourcecode.c.objc; path = CDType.m; sourceTree = "<group>"; };
		B0DD96852066CE3F002CDB03 /* CDMethodType.h */ = {isa = PBXFileReference; fileEncoding = 4; lastKnownFileType = sourcecode.c.h; path = CDMethodType.h; sourceTree = "<group>"; };
		B0DD96862066CE3F002CDB03 /* CDTypeLexer.h */ = {isa = PBXFileReference; fileEncoding = 4; lastKnownFileType = sourcecode.c.h; path = CDTypeLexer.h; sourceTree = "<group>"; };
		B0DD96872066CE3F002CDB03 /* CDBalanceFormatter.h */ = {isa = PBXFileReference; fileEncoding = 4; lastKnownFileType = sourcecode.c.h; path = CDBalanceFormatter.h; sourceTree = "<group>"; };
		B0FDA6472066DDFD00AFD14D /* README.md */ = {isa = PBXFileReference; lastKnownFileType = net.daringfireball.markdown; path = README.md; sourceTree = "<group>"; };
		B0FDA6482066DDFD00AFD14D /* CHANGELOG.md */ = {isa = PBXFileReference; lastKnownFileType = net.daringfireball.markdown; path = CHANGELOG.md; sourceTree = "<group>"; };
/* End PBXFileReference section */

/* Begin PBXFrameworksBuildPhase section */
		B0DD94E32066C3A2002CDB03 /* Frameworks */ = {
			isa = PBXFrameworksBuildPhase;
			buildActionMask = 2147483647;
			files = (
				B0DD95422066C79D002CDB03 /* libMachObjC.a in Frameworks */,
				B0DD95432066C7A2002CDB03 /* Foundation.framework in Frameworks */,
			);
			runOnlyForDeploymentPostprocessing = 0;
		};
		B0DD94F12066C3E7002CDB03 /* Frameworks */ = {
			isa = PBXFrameworksBuildPhase;
			buildActionMask = 2147483647;
			files = (
				B0DD95402066C78B002CDB03 /* libMachObjC.a in Frameworks */,
				B0DD95412066C790002CDB03 /* Foundation.framework in Frameworks */,
			);
			runOnlyForDeploymentPostprocessing = 0;
		};
		B0DD94FC2066C3FA002CDB03 /* Frameworks */ = {
			isa = PBXFrameworksBuildPhase;
			buildActionMask = 2147483647;
			files = (
				B0DD953F2066C73F002CDB03 /* libMachObjC.a in Frameworks */,
				B0DD953E2066C73B002CDB03 /* Foundation.framework in Frameworks */,
			);
			runOnlyForDeploymentPostprocessing = 0;
		};
		B0DD95072066C47B002CDB03 /* Frameworks */ = {
			isa = PBXFrameworksBuildPhase;
			buildActionMask = 2147483647;
			files = (
				B0DD95442066C7AE002CDB03 /* Foundation.framework in Frameworks */,
			);
			runOnlyForDeploymentPostprocessing = 0;
		};
		B0DD952A2066C614002CDB03 /* Frameworks */ = {
			isa = PBXFrameworksBuildPhase;
			buildActionMask = 2147483647;
			files = (
				B0DD95322066C614002CDB03 /* libMachObjC.a in Frameworks */,
				B0DD953A2066C6BB002CDB03 /* XCTest.framework in Frameworks */,
			);
			runOnlyForDeploymentPostprocessing = 0;
		};
/* End PBXFrameworksBuildPhase section */

/* Begin PBXGroup section */
		B0DD94DD2066C3A2002CDB03 = {
			isa = PBXGroup;
			children = (
				B0FDA6482066DDFD00AFD14D /* CHANGELOG.md */,
				B0FDA6472066DDFD00AFD14D /* README.md */,
				B0DD94E82066C3A2002CDB03 /* class-dump */,
				B0DD94F52066C3E7002CDB03 /* deprotect */,
				B0DD95002066C3FA002CDB03 /* formatType */,
				B0DD950B2066C47B002CDB03 /* MachObjC */,
				B0DD952E2066C614002CDB03 /* UnitTests */,
				B0DD95382066C6BA002CDB03 /* Frameworks */,
				B0DD94E72066C3A2002CDB03 /* Products */,
			);
			sourceTree = "<group>";
		};
		B0DD94E72066C3A2002CDB03 /* Products */ = {
			isa = PBXGroup;
			children = (
				B0DD94E62066C3A2002CDB03 /* class-dump */,
				B0DD94F42066C3E7002CDB03 /* deprotect */,
				B0DD94FF2066C3FA002CDB03 /* formatType */,
				B0DD950A2066C47B002CDB03 /* libMachObjC.a */,
				B0DD952D2066C614002CDB03 /* UnitTests.xctest */,
			);
			name = Products;
			sourceTree = "<group>";
		};
		B0DD94E82066C3A2002CDB03 /* class-dump */ = {
			isa = PBXGroup;
			children = (
				B0DD95862066C9D2002CDB03 /* Info.plist */,
				B0DD954A2066C819002CDB03 /* class-dump-Prefix.pch */,
				B0DD954D2066C8A9002CDB03 /* CDClassDump.h */,
				B0DD955A2066C8AA002CDB03 /* CDClassDump.m */,
				B0DD96962066CF74002CDB03 /* Structure / Union handling */,
				B0DD96992066CFB8002CDB03 /* Visitors */,
				B0DD955E2066C8AA002CDB03 /* CDSearchPathState.h */,
				B0DD955D2066C8AA002CDB03 /* CDSearchPathState.m */,
				B0DD954B2066C819002CDB03 /* class-dump.m */,
			);
			path = "class-dump";
			sourceTree = "<group>";
		};
		B0DD94F52066C3E7002CDB03 /* deprotect */ = {
			isa = PBXGroup;
			children = (
				B0DD95472066C7E5002CDB03 /* deprotect-Prefix.pch */,
				B0DD95482066C7E5002CDB03 /* deprotect.m */,
			);
			path = deprotect;
			sourceTree = "<group>";
		};
		B0DD95002066C3FA002CDB03 /* formatType */ = {
			isa = PBXGroup;
			children = (
				B0DD956E2066C8CE002CDB03 /* formatType-Prefix.pch */,
				B0DD956F2066C8CE002CDB03 /* formatType.m */,
			);
			path = formatType;
			sourceTree = "<group>";
		};
		B0DD950B2066C47B002CDB03 /* MachObjC */ = {
			isa = PBXGroup;
			children = (
				B0DD95872066CACF002CDB03 /* MachObjC-Prefix.pch */,
				B0DD95892066CB50002CDB03 /* Extensions */,
				B0DD95AB2066CB72002CDB03 /* Cursor */,
				B0DD95AC2066CB80002CDB03 /* Load Commands */,
				B0DD95AD2066CB86002CDB03 /* Mach-O */,
				B0DD95AE2066CB8D002CDB03 /* Objective-C */,
				B0DD95AF2066CB92002CDB03 /* Type Parsing/Lexing */,
			);
			path = MachObjC;
			sourceTree = "<group>";
		};
		B0DD952E2066C614002CDB03 /* UnitTests */ = {
			isa = PBXGroup;
			children = (
				B0DD95712066C909002CDB03 /* TestBlockSignature.m */,
				B0DD95752066C909002CDB03 /* TestCDArchFromName.m */,
				B0DD95772066C909002CDB03 /* TestCDArchUses64BitABI.m */,
				B0DD95782066C909002CDB03 /* TestCDNameForCPUType.m */,
				B0DD95762066C909002CDB03 /* TestFatFile_armv7_v7s.m */,
				B0DD95792066C909002CDB03 /* TestFatFile_Intel32_64_lib64.m */,
				B0DD95722066C909002CDB03 /* TestFatFile_Intel32_64.m */,
				B0DD957A2066C90A002CDB03 /* TestFatFile_Intel64_32.m */,
				B0DD957B2066C90A002CDB03 /* TestThinFile_Intel64_lib64.m */,
				B0DD95732066C909002CDB03 /* TestThinFile_Intel64.m */,
				B0DD95742066C909002CDB03 /* UnitTests-Prefix.pch */,
				B0DD95312066C614002CDB03 /* Info.plist */,
			);
			path = UnitTests;
			sourceTree = "<group>";
		};
		B0DD95382066C6BA002CDB03 /* Frameworks */ = {
			isa = PBXGroup;
			children = (
				B0DD953D2066C73B002CDB03 /* Foundation.framework */,
				B0DD95392066C6BA002CDB03 /* XCTest.framework */,
			);
			name = Frameworks;
			sourceTree = "<group>";
		};
		B0DD95892066CB50002CDB03 /* Extensions */ = {
			isa = PBXGroup;
			children = (
				B0DD95912066CB5A002CDB03 /* CDExtensions.h */,
				B0DD958B2066CB5A002CDB03 /* CDTopologicalSortProtocol.h */,
				B0DD95962066CB5A002CDB03 /* CDTopoSortNode.h */,
				B0DD958C2066CB5A002CDB03 /* CDTopoSortNode.m */,
				B0DD95972066CB5A002CDB03 /* NSArray-CDExtensions.h */,
				B0DD95922066CB5A002CDB03 /* NSArray-CDExtensions.m */,
				B0DD95932066CB5A002CDB03 /* NSData-CDExtensions.h */,
				B0DD95992066CB5B002CDB03 /* NSData-CDExtensions.m */,
				B0DD958A2066CB5A002CDB03 /* NSError-CDExtensions.h */,
				B0DD95942066CB5A002CDB03 /* NSError-CDExtensions.m */,
				B0DD95902066CB5A002CDB03 /* NSScanner-CDExtensions.h */,
				B0DD95982066CB5B002CDB03 /* NSScanner-CDExtensions.m */,
				B0DD958D2066CB5A002CDB03 /* NSString-CDExtensions.h */,
				B0DD95952066CB5A002CDB03 /* NSString-CDExtensions.m */,
				B0DD958E2066CB5A002CDB03 /* ULEB128.h */,
				B0DD958F2066CB5A002CDB03 /* ULEB128.m */,
			);
			name = Extensions;
			sourceTree = "<group>";
		};
		B0DD95AB2066CB72002CDB03 /* Cursor */ = {
			isa = PBXGroup;
			children = (
				B0DD95B32066CBD8002CDB03 /* CDDataCursor.h */,
				B0DD95B22066CBD8002CDB03 /* CDDataCursor.m */,
				B0DD95B12066CBD8002CDB03 /* CDMachOFileDataCursor.h */,
				B0DD95B02066CBD8002CDB03 /* CDMachOFileDataCursor.m */,
			);
			name = Cursor;
			sourceTree = "<group>";
		};
		B0DD95AC2066CB80002CDB03 /* Load Commands */ = {
			isa = PBXGroup;
			children = (
				B0DD95BD2066CC1C002CDB03 /* CDLCDyldInfo.h */,
				B0DD95F32066CCDF002CDB03 /* CDLCDataInCode.h */,
				B0DD95F12066CCDF002CDB03 /* CDLCDataInCode.m */,
				B0DD95E62066CCDE002CDB03 /* CDLCMain.h */,
				B0DD95F22066CCDF002CDB03 /* CDLCMain.m */,
				B0DD95DE2066CCDC002CDB03 /* CDLCPrebindChecksum.h */,
				B0DD95FA2066CCE0002CDB03 /* CDLCPrebindChecksum.m */,
				B0DD95F02066CCDF002CDB03 /* CDLCPreboundDylib.h */,
				B0DD95F42066CCDF002CDB03 /* CDLCPreboundDylib.m */,
				B0DD95DC2066CCDC002CDB03 /* CDLCRoutines32.h */,
				B0DD95F52066CCE0002CDB03 /* CDLCRoutines32.m */,
				B0DD95F72066CCE0002CDB03 /* CDLCRoutines64.h */,
				B0DD95D72066CCDC002CDB03 /* CDLCRoutines64.m */,
				B0DD95F82066CCE0002CDB03 /* CDLCRunPath.h */,
				B0DD95EA2066CCDE002CDB03 /* CDLCRunPath.m */,
				B0DD95E12066CCDC002CDB03 /* CDLCSegment.h */,
				B0DD95F62066CCE0002CDB03 /* CDLCSegment.m */,
				B0DD95E92066CCDE002CDB03 /* CDLCSourceVersion.h */,
				B0DD95EC2066CCDF002CDB03 /* CDLCSourceVersion.m */,
				B0DD95D52066CCDB002CDB03 /* CDLCSubClient.h */,
				B0DD95ED2066CCDF002CDB03 /* CDLCSubClient.m */,
				B0DD95E42066CCDE002CDB03 /* CDLCSubFramework.h */,
				B0DD95DD2066CCDC002CDB03 /* CDLCSubFramework.m */,
				B0DD95EB2066CCDF002CDB03 /* CDLCSubLibrary.h */,
				B0DD95EF2066CCDF002CDB03 /* CDLCSubLibrary.m */,
				B0DD95F92066CCE0002CDB03 /* CDLCSubUmbrella.h */,
				B0DD95D92066CCDC002CDB03 /* CDLCSubUmbrella.m */,
				B0DD95EE2066CCDF002CDB03 /* CDLCSymbolTable.h */,
				B0DD95DB2066CCDC002CDB03 /* CDLCSymbolTable.m */,
				B0DD95D82066CCDC002CDB03 /* CDLCTwoLevelHints.h */,
				B0DD95DF2066CCDC002CDB03 /* CDLCTwoLevelHints.m */,
				B0DD95E72066CCDE002CDB03 /* CDLCUnixThread.h */,
				B0DD95DA2066CCDC002CDB03 /* CDLCUnixThread.m */,
				B0DD95FB2066CCE0002CDB03 /* CDLCUnknown.h */,
				B0DD95E52066CCDE002CDB03 /* CDLCUnknown.m */,
				B0DD95E02066CCDC002CDB03 /* CDLCUUID.h */,
				B0DD95D42066CCDB002CDB03 /* CDLCUUID.m */,
				B0DD95D62066CCDB002CDB03 /* CDLCVersionMinimum.h */,
				B0DD95E22066CCDC002CDB03 /* CDLCVersionMinimum.m */,
				B0DD95E32066CCDC002CDB03 /* CDLoadCommand.h */,
				B0DD95E82066CCDE002CDB03 /* CDLoadCommand.m */,
				B0DD95C12066CC1D002CDB03 /* CDLCDyldInfo.m */,
				B0DD95BC2066CC1C002CDB03 /* CDLCDylib.h */,
				B0DD95C02066CC1D002CDB03 /* CDLCDylib.m */,
				B0DD95BE2066CC1C002CDB03 /* CDLCDylinker.h */,
				B0DD95BB2066CC1C002CDB03 /* CDLCDylinker.m */,
				B0DD95B82066CC1C002CDB03 /* CDLCDynamicSymbolTable.h */,
				B0DD95C22066CC1D002CDB03 /* CDLCDynamicSymbolTable.m */,
				B0DD95BA2066CC1C002CDB03 /* CDLCEncryptionInfo.h */,
				B0DD95BF2066CC1C002CDB03 /* CDLCEncryptionInfo.m */,
				B0DD95C32066CC1D002CDB03 /* CDLCFunctionStarts.h */,
				B0DD95C52066CC1D002CDB03 /* CDLCFunctionStarts.m */,
				B0DD95B92066CC1C002CDB03 /* CDLCLinkeditData.h */,
				B0DD95C42066CC1D002CDB03 /* CDLCLinkeditData.m */,
			);
			name = "Load Commands";
			sourceTree = "<group>";
		};
		B0DD95AD2066CB86002CDB03 /* Mach-O */ = {
			isa = PBXGroup;
			children = (
				B0DD96382066CD76002CDB03 /* cd_objc2.h */,
				B0DD96322066CD75002CDB03 /* CDFatArch.h */,
				B0DD96242066CD74002CDB03 /* CDFatArch.m */,
				B0DD962A2066CD74002CDB03 /* CDFatFile.h */,
				B0DD96342066CD75002CDB03 /* CDFatFile.m */,
				B0DD962E2066CD74002CDB03 /* CDFile.h */,
				B0DD962C2066CD74002CDB03 /* CDFile.m */,
				B0DD962D2066CD74002CDB03 /* CDMachOFile.h */,
				B0DD96392066CD76002CDB03 /* CDMachOFile.m */,
				B0DD96352066CD75002CDB03 /* CDObjectiveC1Processor.h */,
				B0DD962B2066CD74002CDB03 /* CDObjectiveC1Processor.m */,
				B0DD96332066CD75002CDB03 /* CDObjectiveC2Processor.h */,
				B0DD96252066CD74002CDB03 /* CDObjectiveC2Processor.m */,
				B0DD96272066CD74002CDB03 /* CDObjectiveCProcessor.h */,
				B0DD96282066CD74002CDB03 /* CDObjectiveCProcessor.m */,
				B0DD96372066CD75002CDB03 /* CDProtocolUniquer.h */,
				B0DD96362066CD75002CDB03 /* CDProtocolUniquer.m */,
				B0DD962F2066CD75002CDB03 /* CDRelocationInfo.h */,
				B0DD96302066CD75002CDB03 /* CDRelocationInfo.m */,
				B0DD96262066CD74002CDB03 /* CDSection.h */,
				B0DD96292066CD74002CDB03 /* CDSection.m */,
				B0DD96312066CD75002CDB03 /* CDSymbol.h */,
				B0DD963A2066CD76002CDB03 /* CDSymbol.m */,
			);
			name = "Mach-O";
			sourceTree = "<group>";
		};
		B0DD95AE2066CB8D002CDB03 /* Objective-C */ = {
			isa = PBXGroup;
			children = (
				B0DD965A2066CDD9002CDB03 /* CDOCCategory.h */,
				B0DD96572066CDD9002CDB03 /* CDOCCategory.m */,
				B0DD96532066CDD9002CDB03 /* CDOCClass.h */,
				B0DD965B2066CDD9002CDB03 /* CDOCClass.m */,
				B0DD96582066CDD9002CDB03 /* CDOCClassReference.h */,
				B0DD965C2066CDD9002CDB03 /* CDOCClassReference.m */,
				B0DD96652066CDDA002CDB03 /* CDOCInstanceVariable.h */,
				B0DD96522066CDD9002CDB03 /* CDOCInstanceVariable.m */,
				B0DD96602066CDDA002CDB03 /* CDOCMethod.h */,
				B0DD965E2066CDDA002CDB03 /* CDOCMethod.m */,
				B0DD96552066CDD9002CDB03 /* CDOCModule.h */,
				B0DD96622066CDDA002CDB03 /* CDOCModule.m */,
				B0DD96632066CDDA002CDB03 /* CDOCProperty.h */,
				B0DD96542066CDD9002CDB03 /* CDOCProperty.m */,
				B0DD96592066CDD9002CDB03 /* CDOCProtocol.h */,
				B0DD96562066CDD9002CDB03 /* CDOCProtocol.m */,
				B0DD965D2066CDDA002CDB03 /* CDOCSymtab.h */,
				B0DD965F2066CDDA002CDB03 /* CDOCSymtab.m */,
				B0DD96612066CDDA002CDB03 /* CDVisitorPropertyState.h */,
				B0DD96642066CDDA002CDB03 /* CDVisitorPropertyState.m */,
			);
			name = "Objective-C";
			sourceTree = "<group>";
		};
		B0DD95AF2066CB92002CDB03 /* Type Parsing/Lexing */ = {
			isa = PBXGroup;
			children = (
				B0DD96872066CE3F002CDB03 /* CDBalanceFormatter.h */,
				B0DD967E2066CE3E002CDB03 /* CDBalanceFormatter.m */,
				B0DD96852066CE3F002CDB03 /* CDMethodType.h */,
				B0DD96812066CE3F002CDB03 /* CDMethodType.m */,
				B0DD967B2066CE3E002CDB03 /* CDType.h */,
				B0DD96842066CE3F002CDB03 /* CDType.m */,
				B0DD96832066CE3F002CDB03 /* CDTypeFormatter.h */,
				B0DD967C2066CE3E002CDB03 /* CDTypeFormatter.m */,
				B0DD96862066CE3F002CDB03 /* CDTypeLexer.h */,
				B0DD96802066CE3E002CDB03 /* CDTypeLexer.m */,
				B0DD96822066CE3F002CDB03 /* CDTypeName.h */,
				B0DD967F2066CE3E002CDB03 /* CDTypeName.m */,
				B0DD967A2066CE3E002CDB03 /* CDTypeParser.h */,
				B0DD967D2066CE3E002CDB03 /* CDTypeParser.m */,
			);
			name = "Type Parsing/Lexing";
			sourceTree = "<group>";
		};
		B0DD96962066CF74002CDB03 /* Structure / Union handling */ = {
			isa = PBXGroup;
			children = (
				B0DD95582066C8AA002CDB03 /* CDStructureInfo.h */,
				B0DD95602066C8AA002CDB03 /* CDStructureInfo.m */,
				B0DD954F2066C8A9002CDB03 /* CDStructureTable.h */,
				B0DD95542066C8A9002CDB03 /* CDStructureTable.m */,
				B0DD95572066C8A9002CDB03 /* CDTypeController.h */,
				B0DD95512066C8A9002CDB03 /* CDTypeController.m */,
			);
			name = "Structure / Union handling";
			sourceTree = "<group>";
		};
		B0DD96982066CF9A002CDB03 /* Multi-file generation */ = {
			isa = PBXGroup;
			children = (
				B0DD955B2066C8AA002CDB03 /* CDClassFrameworkVisitor.h */,
				B0DD95532066C8A9002CDB03 /* CDClassFrameworkVisitor.m */,
				B0DD95502066C8A9002CDB03 /* CDMultiFileVisitor.h */,
				B0DD95562066C8A9002CDB03 /* CDMultiFileVisitor.m */,
			);
			name = "Multi-file generation";
			sourceTree = "<group>";
		};
		B0DD96992066CFB8002CDB03 /* Visitors */ = {
			isa = PBXGroup;
			children = (
				B0DD96982066CF9A002CDB03 /* Multi-file generation */,
				B0DD955F2066C8AA002CDB03 /* CDClassDumpVisitor.h */,
				B0DD95612066C8AA002CDB03 /* CDClassDumpVisitor.m */,
				B0DD95552066C8A9002CDB03 /* CDFindMethodVisitor.h */,
				B0DD955C2066C8AA002CDB03 /* CDFindMethodVisitor.m */,
				B0DD954E2066C8A9002CDB03 /* CDTextClassDumpVisitor.h */,
				B0DD95622066C8AA002CDB03 /* CDTextClassDumpVisitor.m */,
				B0DD95522066C8A9002CDB03 /* CDVisitor.h */,
				B0DD95592066C8AA002CDB03 /* CDVisitor.m */,
			);
			name = Visitors;
			sourceTree = "<group>";
		};
/* End PBXGroup section */

/* Begin PBXHeadersBuildPhase section */
		B0DD95082066C47B002CDB03 /* Headers */ = {
			isa = PBXHeadersBuildPhase;
			buildActionMask = 2147483647;
			files = (
				B0DD966C2066CDDA002CDB03 /* CDOCClassReference.h in Headers */,
				B0DD95D12066CC1D002CDB03 /* CDLCFunctionStarts.h in Headers */,
				B0DD95A12066CB5B002CDB03 /* CDExtensions.h in Headers */,
				B0DD960E2066CCE0002CDB03 /* CDLCMain.h in Headers */,
				B0DD96112066CCE0002CDB03 /* CDLCSourceVersion.h in Headers */,
				B0DD961B2066CCE0002CDB03 /* CDLCDataInCode.h in Headers */,
				B0DD964E2066CD76002CDB03 /* CDProtocolUniquer.h in Headers */,
				B0DD959E2066CB5B002CDB03 /* ULEB128.h in Headers */,
			);
			runOnlyForDeploymentPostprocessing = 0;
		};
/* End PBXHeadersBuildPhase section */

/* Begin PBXNativeTarget section */
		B0DD94E52066C3A2002CDB03 /* class-dump */ = {
			isa = PBXNativeTarget;
			buildConfigurationList = B0DD94ED2066C3A2002CDB03 /* Build configuration list for PBXNativeTarget "class-dump" */;
			buildPhases = (
				B0DD94E22066C3A2002CDB03 /* Sources */,
				B0DD94E32066C3A2002CDB03 /* Frameworks */,
				B0DD94E42066C3A2002CDB03 /* CopyFiles */,
			);
			buildRules = (
			);
			dependencies = (
				B0DD95142066C497002CDB03 /* PBXTargetDependency */,
			);
			name = "class-dump";
			productName = "class-dump";
			productReference = B0DD94E62066C3A2002CDB03 /* class-dump */;
			productType = "com.apple.product-type.tool";
		};
		B0DD94F32066C3E7002CDB03 /* deprotect */ = {
			isa = PBXNativeTarget;
			buildConfigurationList = B0DD94F82066C3E7002CDB03 /* Build configuration list for PBXNativeTarget "deprotect" */;
			buildPhases = (
				B0DD94F02066C3E7002CDB03 /* Sources */,
				B0DD94F12066C3E7002CDB03 /* Frameworks */,
				B0DD94F22066C3E7002CDB03 /* CopyFiles */,
			);
			buildRules = (
			);
			dependencies = (
				B0DD95162066C49F002CDB03 /* PBXTargetDependency */,
			);
			name = deprotect;
			productName = deprotect;
			productReference = B0DD94F42066C3E7002CDB03 /* deprotect */;
			productType = "com.apple.product-type.tool";
		};
		B0DD94FE2066C3FA002CDB03 /* formatType */ = {
			isa = PBXNativeTarget;
			buildConfigurationList = B0DD95032066C3FA002CDB03 /* Build configuration list for PBXNativeTarget "formatType" */;
			buildPhases = (
				B0DD94FB2066C3FA002CDB03 /* Sources */,
				B0DD94FC2066C3FA002CDB03 /* Frameworks */,
				B0DD94FD2066C3FA002CDB03 /* CopyFiles */,
			);
			buildRules = (
			);
			dependencies = (
				B0DD95182066C4A2002CDB03 /* PBXTargetDependency */,
			);
			name = formatType;
			productName = formatType;
			productReference = B0DD94FF2066C3FA002CDB03 /* formatType */;
			productType = "com.apple.product-type.tool";
		};
		B0DD95092066C47B002CDB03 /* MachObjC */ = {
			isa = PBXNativeTarget;
			buildConfigurationList = B0DD95102066C47B002CDB03 /* Build configuration list for PBXNativeTarget "MachObjC" */;
			buildPhases = (
				B0DD95062066C47B002CDB03 /* Sources */,
				B0DD95072066C47B002CDB03 /* Frameworks */,
				B0DD95082066C47B002CDB03 /* Headers */,
			);
			buildRules = (
			);
			dependencies = (
			);
			name = MachObjC;
			productName = MachObjC;
			productReference = B0DD950A2066C47B002CDB03 /* libMachObjC.a */;
			productType = "com.apple.product-type.library.static";
		};
		B0DD952C2066C614002CDB03 /* UnitTests */ = {
			isa = PBXNativeTarget;
			buildConfigurationList = B0DD95352066C614002CDB03 /* Build configuration list for PBXNativeTarget "UnitTests" */;
			buildPhases = (
				B0DD95292066C614002CDB03 /* Sources */,
				B0DD952A2066C614002CDB03 /* Frameworks */,
				B0DD952B2066C614002CDB03 /* Resources */,
			);
			buildRules = (
			);
			dependencies = (
				B0DD95462066C7C4002CDB03 /* PBXTargetDependency */,
			);
			name = UnitTests;
			productName = UnitTests;
			productReference = B0DD952D2066C614002CDB03 /* UnitTests.xctest */;
			productType = "com.apple.product-type.bundle.unit-test";
		};
/* End PBXNativeTarget section */

/* Begin PBXProject section */
		B0DD94DE2066C3A2002CDB03 /* Project object */ = {
			isa = PBXProject;
			attributes = {
				LastUpgradeCheck = 0930;
				ORGANIZATIONNAME = "Steve Nygard";
				TargetAttributes = {
					B0DD94E52066C3A2002CDB03 = {
						CreatedOnToolsVersion = 9.2;
					};
					B0DD94F32066C3E7002CDB03 = {
						CreatedOnToolsVersion = 9.2;
					};
					B0DD94FE2066C3FA002CDB03 = {
						CreatedOnToolsVersion = 9.2;
					};
					B0DD95092066C47B002CDB03 = {
						CreatedOnToolsVersion = 9.2;
						ProvisioningStyle = Automatic;
					};
					B0DD95192066C4DC002CDB03 = {
						CreatedOnToolsVersion = 9.2;
						ProvisioningStyle = Automatic;
					};
					B0DD952C2066C614002CDB03 = {
						CreatedOnToolsVersion = 9.2;
					};
				};
			};
			buildConfigurationList = B0DD94E12066C3A2002CDB03 /* Build configuration list for PBXProject "class-dump" */;
			compatibilityVersion = "Xcode 8.0";
			developmentRegion = en;
			hasScannedForEncodings = 0;
			knownRegions = (
				en,
			);
			mainGroup = B0DD94DD2066C3A2002CDB03;
			productRefGroup = B0DD94E72066C3A2002CDB03 /* Products */;
			projectDirPath = "";
			projectRoot = "";
			targets = (
				B0DD95192066C4DC002CDB03 /* all */,
				B0DD95092066C47B002CDB03 /* MachObjC */,
				B0DD94E52066C3A2002CDB03 /* class-dump */,
				B0DD94F32066C3E7002CDB03 /* deprotect */,
				B0DD94FE2066C3FA002CDB03 /* formatType */,
				B0DD952C2066C614002CDB03 /* UnitTests */,
			);
		};
/* End PBXProject section */

/* Begin PBXResourcesBuildPhase section */
		B0DD952B2066C614002CDB03 /* Resources */ = {
			isa = PBXResourcesBuildPhase;
			buildActionMask = 2147483647;
			files = (
			);
			runOnlyForDeploymentPostprocessing = 0;
		};
/* End PBXResourcesBuildPhase section */

/* Begin PBXSourcesBuildPhase section */
		B0DD94E22066C3A2002CDB03 /* Sources */ = {
			isa = PBXSourcesBuildPhase;
			buildActionMask = 2147483647;
			files = (
				B0DD956C2066C8AB002CDB03 /* CDClassDumpVisitor.m in Sources */,
				B0DD95682066C8AB002CDB03 /* CDClassDump.m in Sources */,
				B0DD95692066C8AB002CDB03 /* CDFindMethodVisitor.m in Sources */,
				B0DD956D2066C8AB002CDB03 /* CDTextClassDumpVisitor.m in Sources */,
				B0DD95632066C8AB002CDB03 /* CDTypeController.m in Sources */,
				B0DD95652066C8AB002CDB03 /* CDStructureTable.m in Sources */,
				B0DD954C2066C81A002CDB03 /* class-dump.m in Sources */,
				B0DD95672066C8AB002CDB03 /* CDVisitor.m in Sources */,
				B0DD956B2066C8AB002CDB03 /* CDStructureInfo.m in Sources */,
				B0DD956A2066C8AB002CDB03 /* CDSearchPathState.m in Sources */,
				B0DD95662066C8AB002CDB03 /* CDMultiFileVisitor.m in Sources */,
				B0DD95642066C8AB002CDB03 /* CDClassFrameworkVisitor.m in Sources */,
			);
			runOnlyForDeploymentPostprocessing = 0;
		};
		B0DD94F02066C3E7002CDB03 /* Sources */ = {
			isa = PBXSourcesBuildPhase;
			buildActionMask = 2147483647;
			files = (
				B0DD95492066C7E5002CDB03 /* deprotect.m in Sources */,
			);
			runOnlyForDeploymentPostprocessing = 0;
		};
		B0DD94FB2066C3FA002CDB03 /* Sources */ = {
			isa = PBXSourcesBuildPhase;
			buildActionMask = 2147483647;
			files = (
				B0DD95702066C8CE002CDB03 /* formatType.m in Sources */,
			);
			runOnlyForDeploymentPostprocessing = 0;
		};
		B0DD95062066C47B002CDB03 /* Sources */ = {
			isa = PBXSourcesBuildPhase;
			buildActionMask = 2147483647;
			files = (
				B0DD96422066CD76002CDB03 /* CDObjectiveC1Processor.m in Sources */,
				B0DD961E2066CCE0002CDB03 /* CDLCSegment.m in Sources */,
				B0DD961A2066CCE0002CDB03 /* CDLCMain.m in Sources */,
				B0DD96402066CD76002CDB03 /* CDSection.m in Sources */,
				B0DD96122066CCE0002CDB03 /* CDLCRunPath.m in Sources */,
				B0DD96192066CCE0002CDB03 /* CDLCDataInCode.m in Sources */,
				B0DD96512066CD76002CDB03 /* CDSymbol.m in Sources */,
				B0DD95CF2066CC1D002CDB03 /* CDLCDyldInfo.m in Sources */,
				B0DD96022066CCE0002CDB03 /* CDLCUnixThread.m in Sources */,
				B0DD968B2066CE3F002CDB03 /* CDTypeParser.m in Sources */,
				B0DD95A42066CB5B002CDB03 /* NSError-CDExtensions.m in Sources */,
				B0DD96152066CCE0002CDB03 /* CDLCSubClient.m in Sources */,
				B0DD96922066CE3F002CDB03 /* CDType.m in Sources */,
				B0DD968A2066CE3F002CDB03 /* CDTypeFormatter.m in Sources */,
				B0DD96682066CDDA002CDB03 /* CDOCProperty.m in Sources */,
				B0DD966A2066CDDA002CDB03 /* CDOCProtocol.m in Sources */,
				B0DD95CD2066CC1D002CDB03 /* CDLCEncryptionInfo.m in Sources */,
				B0DD96762066CDDB002CDB03 /* CDOCModule.m in Sources */,
				B0DD96222066CCE0002CDB03 /* CDLCPrebindChecksum.m in Sources */,
				B0DD964B2066CD76002CDB03 /* CDFatFile.m in Sources */,
				B0DD96702066CDDA002CDB03 /* CDOCClassReference.m in Sources */,
				B0DD96102066CCE0002CDB03 /* CDLoadCommand.m in Sources */,
				B0DD96472066CD76002CDB03 /* CDRelocationInfo.m in Sources */,
				B0DD963F2066CD76002CDB03 /* CDObjectiveCProcessor.m in Sources */,
				B0DD95B42066CBD8002CDB03 /* CDMachOFileDataCursor.m in Sources */,
				B0DD96722066CDDB002CDB03 /* CDOCMethod.m in Sources */,
				B0DD968E2066CE3F002CDB03 /* CDTypeLexer.m in Sources */,
				B0DD95D02066CC1D002CDB03 /* CDLCDynamicSymbolTable.m in Sources */,
				B0DD95A92066CB5B002CDB03 /* NSData-CDExtensions.m in Sources */,
				B0DD95FF2066CCE0002CDB03 /* CDLCRoutines64.m in Sources */,
				B0DD95CE2066CC1D002CDB03 /* CDLCDylib.m in Sources */,
				B0DD96172066CCE0002CDB03 /* CDLCSubLibrary.m in Sources */,
				B0DD966F2066CDDA002CDB03 /* CDOCClass.m in Sources */,
				B0DD95A22066CB5B002CDB03 /* NSArray-CDExtensions.m in Sources */,
				B0DD95B62066CBD8002CDB03 /* CDDataCursor.m in Sources */,
				B0DD95A82066CB5B002CDB03 /* NSScanner-CDExtensions.m in Sources */,
				B0DD95A52066CB5B002CDB03 /* NSString-CDExtensions.m in Sources */,
				B0DD96142066CCE0002CDB03 /* CDLCSourceVersion.m in Sources */,
				B0DD95D22066CC1D002CDB03 /* CDLCLinkeditData.m in Sources */,
				B0DD95D32066CC1D002CDB03 /* CDLCFunctionStarts.m in Sources */,
				B0DD96052066CCE0002CDB03 /* CDLCSubFramework.m in Sources */,
				B0DD96732066CDDB002CDB03 /* CDOCSymtab.m in Sources */,
				B0DD963B2066CD76002CDB03 /* CDFatArch.m in Sources */,
				B0DD961D2066CCE0002CDB03 /* CDLCRoutines32.m in Sources */,
				B0DD96432066CD76002CDB03 /* CDFile.m in Sources */,
				B0DD95C92066CC1D002CDB03 /* CDLCDylinker.m in Sources */,
				B0DD959C2066CB5B002CDB03 /* CDTopoSortNode.m in Sources */,
				B0DD960D2066CCE0002CDB03 /* CDLCUnknown.m in Sources */,
				B0DD96782066CDDB002CDB03 /* CDVisitorPropertyState.m in Sources */,
				B0DD968D2066CE3F002CDB03 /* CDTypeName.m in Sources */,
				B0DD96662066CDDA002CDB03 /* CDOCInstanceVariable.m in Sources */,
				B0DD959F2066CB5B002CDB03 /* ULEB128.m in Sources */,
				B0DD966B2066CDDA002CDB03 /* CDOCCategory.m in Sources */,
				B0DD968F2066CE3F002CDB03 /* CDMethodType.m in Sources */,
				B0DD961C2066CCE0002CDB03 /* CDLCPreboundDylib.m in Sources */,
				B0DD96012066CCE0002CDB03 /* CDLCSubUmbrella.m in Sources */,
				B0DD96072066CCE0002CDB03 /* CDLCTwoLevelHints.m in Sources */,
				B0DD963C2066CD76002CDB03 /* CDObjectiveC2Processor.m in Sources */,
				B0DD964D2066CD76002CDB03 /* CDProtocolUniquer.m in Sources */,
				B0DD95FC2066CCE0002CDB03 /* CDLCUUID.m in Sources */,
				B0DD968C2066CE3F002CDB03 /* CDBalanceFormatter.m in Sources */,
				B0DD96502066CD76002CDB03 /* CDMachOFile.m in Sources */,
				B0DD96032066CCE0002CDB03 /* CDLCSymbolTable.m in Sources */,
				B0DD960A2066CCE0002CDB03 /* CDLCVersionMinimum.m in Sources */,
			);
			runOnlyForDeploymentPostprocessing = 0;
		};
		B0DD95292066C614002CDB03 /* Sources */ = {
			isa = PBXSourcesBuildPhase;
			buildActionMask = 2147483647;
			files = (
				B0DD957D2066C90A002CDB03 /* TestFatFile_Intel32_64.m in Sources */,
				B0DD957E2066C90A002CDB03 /* TestThinFile_Intel64.m in Sources */,
				B0DD95852066C90A002CDB03 /* TestThinFile_Intel64_lib64.m in Sources */,
				B0DD95822066C90A002CDB03 /* TestCDNameForCPUType.m in Sources */,
				B0DD95802066C90A002CDB03 /* TestFatFile_armv7_v7s.m in Sources */,
				B0DD957C2066C90A002CDB03 /* TestBlockSignature.m in Sources */,
				B0DD95812066C90A002CDB03 /* TestCDArchUses64BitABI.m in Sources */,
				B0DD95832066C90A002CDB03 /* TestFatFile_Intel32_64_lib64.m in Sources */,
				B0DD95842066C90A002CDB03 /* TestFatFile_Intel64_32.m in Sources */,
				B0DD957F2066C90A002CDB03 /* TestCDArchFromName.m in Sources */,
			);
			runOnlyForDeploymentPostprocessing = 0;
		};
/* End PBXSourcesBuildPhase section */

/* Begin PBXTargetDependency section */
		B0DD95142066C497002CDB03 /* PBXTargetDependency */ = {
			isa = PBXTargetDependency;
			target = B0DD95092066C47B002CDB03 /* MachObjC */;
			targetProxy = B0DD95132066C497002CDB03 /* PBXContainerItemProxy */;
		};
		B0DD95162066C49F002CDB03 /* PBXTargetDependency */ = {
			isa = PBXTargetDependency;
			target = B0DD95092066C47B002CDB03 /* MachObjC */;
			targetProxy = B0DD95152066C49F002CDB03 /* PBXContainerItemProxy */;
		};
		B0DD95182066C4A2002CDB03 /* PBXTargetDependency */ = {
			isa = PBXTargetDependency;
			target = B0DD95092066C47B002CDB03 /* MachObjC */;
			targetProxy = B0DD95172066C4A2002CDB03 /* PBXContainerItemProxy */;
		};
		B0DD95222066C4FE002CDB03 /* PBXTargetDependency */ = {
			isa = PBXTargetDependency;
			target = B0DD95092066C47B002CDB03 /* MachObjC */;
			targetProxy = B0DD95212066C4FE002CDB03 /* PBXContainerItemProxy */;
		};
		B0DD95242066C4FE002CDB03 /* PBXTargetDependency */ = {
			isa = PBXTargetDependency;
			target = B0DD94E52066C3A2002CDB03 /* class-dump */;
			targetProxy = B0DD95232066C4FE002CDB03 /* PBXContainerItemProxy */;
		};
		B0DD95262066C4FE002CDB03 /* PBXTargetDependency */ = {
			isa = PBXTargetDependency;
			target = B0DD94F32066C3E7002CDB03 /* deprotect */;
			targetProxy = B0DD95252066C4FE002CDB03 /* PBXContainerItemProxy */;
		};
		B0DD95282066C4FE002CDB03 /* PBXTargetDependency */ = {
			isa = PBXTargetDependency;
			target = B0DD94FE2066C3FA002CDB03 /* formatType */;
			targetProxy = B0DD95272066C4FE002CDB03 /* PBXContainerItemProxy */;
		};
		B0DD95462066C7C4002CDB03 /* PBXTargetDependency */ = {
			isa = PBXTargetDependency;
			target = B0DD95192066C4DC002CDB03 /* all */;
			targetProxy = B0DD95452066C7C4002CDB03 /* PBXContainerItemProxy */;
		};
/* End PBXTargetDependency section */

/* Begin XCBuildConfiguration section */
		B0DD94EB2066C3A2002CDB03 /* Debug */ = {
			isa = XCBuildConfiguration;
			buildSettings = {
				ALWAYS_SEARCH_USER_PATHS = NO;
				CLANG_ANALYZER_NONNULL = YES;
				CLANG_ANALYZER_NUMBER_OBJECT_CONVERSION = YES_AGGRESSIVE;
				CLANG_ENABLE_OBJC_ARC = YES;
				CLANG_WARN_BLOCK_CAPTURE_AUTORELEASING = YES;
				CLANG_WARN_BOOL_CONVERSION = YES;
				CLANG_WARN_COMMA = YES;
				CLANG_WARN_CONSTANT_CONVERSION = YES;
				CLANG_WARN_DEPRECATED_OBJC_IMPLEMENTATIONS = YES;
				CLANG_WARN_DIRECT_OBJC_ISA_USAGE = YES_ERROR;
				CLANG_WARN_DOCUMENTATION_COMMENTS = YES;
				CLANG_WARN_EMPTY_BODY = YES;
				CLANG_WARN_ENUM_CONVERSION = YES;
				CLANG_WARN_INFINITE_RECURSION = YES;
				CLANG_WARN_INT_CONVERSION = YES;
				CLANG_WARN_NON_LITERAL_NULL_CONVERSION = YES;
				CLANG_WARN_OBJC_IMPLICIT_RETAIN_SELF = YES;
				CLANG_WARN_OBJC_LITERAL_CONVERSION = YES;
				CLANG_WARN_OBJC_ROOT_CLASS = YES_ERROR;
				CLANG_WARN_RANGE_LOOP_ANALYSIS = YES;
				CLANG_WARN_STRICT_PROTOTYPES = YES;
				CLANG_WARN_SUSPICIOUS_MOVE = YES;
				CLANG_WARN_UNGUARDED_AVAILABILITY = YES_AGGRESSIVE;
				CLANG_WARN_UNREACHABLE_CODE = YES;
				CLANG_WARN__DUPLICATE_METHOD_MATCH = YES;
				CODE_SIGN_IDENTITY = "";
				COPY_PHASE_STRIP = NO;
				DEBUG_INFORMATION_FORMAT = dwarf;
				ENABLE_STRICT_OBJC_MSGSEND = YES;
				ENABLE_TESTABILITY = YES;
				GCC_C_LANGUAGE_STANDARD = gnu99;
				GCC_DYNAMIC_NO_PIC = NO;
				GCC_ENABLE_OBJC_EXCEPTIONS = YES;
				GCC_NO_COMMON_BLOCKS = YES;
				GCC_OPTIMIZATION_LEVEL = 0;
				GCC_PREPROCESSOR_DEFINITIONS = (
					"DEBUG=1",
					"$(inherited)",
				);
				GCC_SYMBOLS_PRIVATE_EXTERN = NO;
				GCC_WARN_64_TO_32_BIT_CONVERSION = YES;
				GCC_WARN_ABOUT_DEPRECATED_FUNCTIONS = NO;
				GCC_WARN_ABOUT_RETURN_TYPE = YES_ERROR;
				GCC_WARN_UNDECLARED_SELECTOR = YES;
				GCC_WARN_UNINITIALIZED_AUTOS = NO;
				GCC_WARN_UNUSED_FUNCTION = NO;
				GCC_WARN_UNUSED_VARIABLE = YES;
				MACOSX_DEPLOYMENT_TARGET = 10.13;
				MTL_ENABLE_DEBUG_INFO = YES;
				ONLY_ACTIVE_ARCH = YES;
				SDKROOT = macosx;
				STRIP_INSTALLED_PRODUCT = NO;
				WARNING_CFLAGS = (
					"-fdiagnostics-show-option",
					"-Wno-semicolon-before-method-body",
					"-Wno-c11-extensions",
					"-Wno-overriding-method-mismatch",
					"-Wno-unused-macros",
					"-Wno-objc-missing-property-synthesis",
					"-Wno-direct-ivar-access",
					"-Wno-arc-repeated-use-of-weak",
				);
			};
			name = Debug;
		};
		B0DD94EC2066C3A2002CDB03 /* Release */ = {
			isa = XCBuildConfiguration;
			buildSettings = {
				ALWAYS_SEARCH_USER_PATHS = NO;
				CLANG_ANALYZER_NONNULL = YES;
				CLANG_ANALYZER_NUMBER_OBJECT_CONVERSION = YES_AGGRESSIVE;
				CLANG_ENABLE_OBJC_ARC = YES;
				CLANG_WARN_BLOCK_CAPTURE_AUTORELEASING = YES;
				CLANG_WARN_BOOL_CONVERSION = YES;
				CLANG_WARN_COMMA = YES;
				CLANG_WARN_CONSTANT_CONVERSION = YES;
				CLANG_WARN_DEPRECATED_OBJC_IMPLEMENTATIONS = YES;
				CLANG_WARN_DIRECT_OBJC_ISA_USAGE = YES_ERROR;
				CLANG_WARN_DOCUMENTATION_COMMENTS = YES;
				CLANG_WARN_EMPTY_BODY = YES;
				CLANG_WARN_ENUM_CONVERSION = YES;
				CLANG_WARN_INFINITE_RECURSION = YES;
				CLANG_WARN_INT_CONVERSION = YES;
				CLANG_WARN_NON_LITERAL_NULL_CONVERSION = YES;
				CLANG_WARN_OBJC_IMPLICIT_RETAIN_SELF = YES;
				CLANG_WARN_OBJC_LITERAL_CONVERSION = YES;
				CLANG_WARN_OBJC_ROOT_CLASS = YES_ERROR;
				CLANG_WARN_RANGE_LOOP_ANALYSIS = YES;
				CLANG_WARN_STRICT_PROTOTYPES = YES;
				CLANG_WARN_SUSPICIOUS_MOVE = YES;
				CLANG_WARN_UNGUARDED_AVAILABILITY = YES_AGGRESSIVE;
				CLANG_WARN_UNREACHABLE_CODE = YES;
				CLANG_WARN__DUPLICATE_METHOD_MATCH = YES;
				CODE_SIGN_IDENTITY = "";
				COPY_PHASE_STRIP = NO;
				DEBUG_INFORMATION_FORMAT = "dwarf-with-dsym";
				ENABLE_NS_ASSERTIONS = NO;
				ENABLE_STRICT_OBJC_MSGSEND = YES;
				GCC_C_LANGUAGE_STANDARD = gnu99;
				GCC_ENABLE_OBJC_EXCEPTIONS = YES;
				GCC_NO_COMMON_BLOCKS = YES;
				GCC_SYMBOLS_PRIVATE_EXTERN = NO;
				GCC_WARN_64_TO_32_BIT_CONVERSION = YES;
				GCC_WARN_ABOUT_DEPRECATED_FUNCTIONS = NO;
				GCC_WARN_ABOUT_RETURN_TYPE = YES_ERROR;
				GCC_WARN_UNDECLARED_SELECTOR = YES;
				GCC_WARN_UNINITIALIZED_AUTOS = NO;
				GCC_WARN_UNUSED_FUNCTION = NO;
				GCC_WARN_UNUSED_VARIABLE = YES;
				MACOSX_DEPLOYMENT_TARGET = 10.13;
				MTL_ENABLE_DEBUG_INFO = NO;
				SDKROOT = macosx;
				STRIP_INSTALLED_PRODUCT = NO;
				WARNING_CFLAGS = (
					"-fdiagnostics-show-option",
					"-Wno-semicolon-before-method-body",
					"-Wno-c11-extensions",
					"-Wno-overriding-method-mismatch",
					"-Wno-unused-macros",
					"-Wno-objc-missing-property-synthesis",
					"-Wno-direct-ivar-access",
					"-Wno-arc-repeated-use-of-weak",
				);
			};
			name = Release;
		};
		B0DD94EE2066C3A2002CDB03 /* Debug */ = {
			isa = XCBuildConfiguration;
			buildSettings = {
				CLANG_ENABLE_OBJC_ARC = YES;
				GCC_PRECOMPILE_PREFIX_HEADER = YES;
				GCC_PREFIX_HEADER = "$(SRCROOT)/class-dump/class-dump-Prefix.pch";
				INFOPLIST_FILE = "$(SRCROOT)/class-dump/Info.plist";
				OTHER_LDFLAGS = (
					"-all_load",
					"-ObjC",
				);
				PRODUCT_BUNDLE_IDENTIFIER = "org.nygard.class-dump";
				PRODUCT_NAME = "$(TARGET_NAME)";
			};
			name = Debug;
		};
		B0DD94EF2066C3A2002CDB03 /* Release */ = {
			isa = XCBuildConfiguration;
			buildSettings = {
				CLANG_ENABLE_OBJC_ARC = YES;
				GCC_PRECOMPILE_PREFIX_HEADER = YES;
				GCC_PREFIX_HEADER = "$(SRCROOT)/class-dump/class-dump-Prefix.pch";
				INFOPLIST_FILE = "$(SRCROOT)/class-dump/Info.plist";
				OTHER_LDFLAGS = (
					"-all_load",
					"-ObjC",
					"-sectcreate",
					__TEXT,
					"___info_plist",
					"$(SRCROOT)/class-dump/Info.plist",
				);
				PRODUCT_BUNDLE_IDENTIFIER = "org.nygard.class-dump";
				PRODUCT_NAME = "$(TARGET_NAME)";
			};
			name = Release;
		};
		B0DD94F92066C3E7002CDB03 /* Debug */ = {
			isa = XCBuildConfiguration;
			buildSettings = {
				CLANG_ENABLE_OBJC_ARC = YES;
				GCC_PRECOMPILE_PREFIX_HEADER = YES;
				GCC_PREFIX_HEADER = "$(SRCROOT)/deprotect/deprotect-Prefix.pch";
				OTHER_LDFLAGS = (
					"-all_load",
					"-ObjC",
				);
				PRODUCT_NAME = "$(TARGET_NAME)";
			};
			name = Debug;
		};
		B0DD94FA2066C3E7002CDB03 /* Release */ = {
			isa = XCBuildConfiguration;
			buildSettings = {
				CLANG_ENABLE_OBJC_ARC = YES;
				GCC_PRECOMPILE_PREFIX_HEADER = YES;
				GCC_PREFIX_HEADER = "$(SRCROOT)/deprotect/deprotect-Prefix.pch";
				OTHER_LDFLAGS = (
					"-all_load",
					"-ObjC",
				);
				PRODUCT_NAME = "$(TARGET_NAME)";
			};
			name = Release;
		};
		B0DD95042066C3FA002CDB03 /* Debug */ = {
			isa = XCBuildConfiguration;
			buildSettings = {
				CLANG_ENABLE_OBJC_ARC = YES;
				GCC_PRECOMPILE_PREFIX_HEADER = YES;
				GCC_PREFIX_HEADER = "$(SRCROOT)/formatType/formatType-Prefix.pch";
				OTHER_LDFLAGS = (
					"-all_load",
					"-ObjC",
				);
				PRODUCT_NAME = "$(TARGET_NAME)";
			};
			name = Debug;
		};
		B0DD95052066C3FA002CDB03 /* Release */ = {
			isa = XCBuildConfiguration;
			buildSettings = {
				CLANG_ENABLE_OBJC_ARC = YES;
				GCC_PRECOMPILE_PREFIX_HEADER = YES;
				GCC_PREFIX_HEADER = "$(SRCROOT)/formatType/formatType-Prefix.pch";
				OTHER_LDFLAGS = (
					"-all_load",
					"-ObjC",
				);
				PRODUCT_NAME = "$(TARGET_NAME)";
			};
			name = Release;
		};
		B0DD95112066C47B002CDB03 /* Debug */ = {
			isa = XCBuildConfiguration;
			buildSettings = {
				CLANG_ENABLE_OBJC_ARC = YES;
				EXECUTABLE_PREFIX = lib;
				GCC_PRECOMPILE_PREFIX_HEADER = YES;
				GCC_PREFIX_HEADER = "$(SRCROOT)/MachObjC/MachObjC-Prefix.pch";
				PRODUCT_NAME = "$(TARGET_NAME)";
			};
			name = Debug;
		};
		B0DD95122066C47B002CDB03 /* Release */ = {
			isa = XCBuildConfiguration;
			buildSettings = {
				CLANG_ENABLE_OBJC_ARC = YES;
				EXECUTABLE_PREFIX = lib;
				GCC_PRECOMPILE_PREFIX_HEADER = YES;
				GCC_PREFIX_HEADER = "$(SRCROOT)/MachObjC/MachObjC-Prefix.pch";
				PRODUCT_NAME = "$(TARGET_NAME)";
			};
			name = Release;
		};
		B0DD951B2066C4DC002CDB03 /* Debug */ = {
			isa = XCBuildConfiguration;
			buildSettings = {
				PRODUCT_NAME = "$(TARGET_NAME)";
			};
			name = Debug;
		};
		B0DD951C2066C4DC002CDB03 /* Release */ = {
			isa = XCBuildConfiguration;
			buildSettings = {
				PRODUCT_NAME = "$(TARGET_NAME)";
			};
			name = Release;
		};
		B0DD95362066C614002CDB03 /* Debug */ = {
			isa = XCBuildConfiguration;
			buildSettings = {
				CLANG_CXX_LANGUAGE_STANDARD = "gnu++0x";
				CLANG_CXX_LIBRARY = "libc++";
				CLANG_ENABLE_OBJC_ARC = YES;
				CLANG_WARN_DIRECT_OBJC_ISA_USAGE = YES_ERROR;
				CLANG_WARN_OBJC_ROOT_CLASS = YES_ERROR;
				COMBINE_HIDPI_IMAGES = YES;
				FRAMEWORK_SEARCH_PATHS = (
					"$(DEVELOPER_FRAMEWORKS_DIR)",
					"$(inherited)",
				);
				GCC_PRECOMPILE_PREFIX_HEADER = YES;
				GCC_PREFIX_HEADER = "$(SRCROOT)/UnitTests/UnitTests-Prefix.pch";
				GCC_PREPROCESSOR_DEFINITIONS = (
					"DEBUG=1",
					"$(inherited)",
				);
				GCC_WARN_ABOUT_RETURN_TYPE = YES_ERROR;
				GCC_WARN_UNUSED_FUNCTION = YES;
				INFOPLIST_FILE = "$(SRCROOT)/UnitTests/Info.plist";
				LD_RUNPATH_SEARCH_PATHS = "$(inherited) @executable_path/../Frameworks @loader_path/../Frameworks";
				LIBRARY_SEARCH_PATHS = (
					"$(DEVELOPER_SDK_DIR)/usr/lib/system",
					"$(inherited)",
				);
				OTHER_LDFLAGS = (
					"-all_load",
					"-ObjC",
				);
				PRODUCT_BUNDLE_IDENTIFIER = org.nygard.UnitTests;
				PRODUCT_NAME = "$(TARGET_NAME)";
				WRAPPER_EXTENSION = xctest;
			};
			name = Debug;
		};
		B0DD95372066C614002CDB03 /* Release */ = {
			isa = XCBuildConfiguration;
			buildSettings = {
				CLANG_CXX_LANGUAGE_STANDARD = "gnu++0x";
				CLANG_CXX_LIBRARY = "libc++";
				CLANG_ENABLE_OBJC_ARC = YES;
				CLANG_WARN_DIRECT_OBJC_ISA_USAGE = YES_ERROR;
				CLANG_WARN_OBJC_ROOT_CLASS = YES_ERROR;
				COMBINE_HIDPI_IMAGES = YES;
				ENABLE_NS_ASSERTIONS = NO;
				FRAMEWORK_SEARCH_PATHS = (
					"$(DEVELOPER_FRAMEWORKS_DIR)",
					"$(inherited)",
				);
				GCC_PRECOMPILE_PREFIX_HEADER = YES;
				GCC_PREFIX_HEADER = "$(SRCROOT)/UnitTests/UnitTests-Prefix.pch";
				GCC_WARN_ABOUT_RETURN_TYPE = YES_ERROR;
				GCC_WARN_UNUSED_FUNCTION = YES;
				INFOPLIST_FILE = "$(SRCROOT)/UnitTests/Info.plist";
				LD_RUNPATH_SEARCH_PATHS = "$(inherited) @executable_path/../Frameworks @loader_path/../Frameworks";
				LIBRARY_SEARCH_PATHS = (
					"$(DEVELOPER_SDK_DIR)/usr/lib/system",
					"$(inherited)",
				);
				OTHER_LDFLAGS = (
					"-all_load",
					"-ObjC",
					"-sectcreate",
					__TEXT,
					"___info_plist",
					Info.plist,
				);
				PRODUCT_BUNDLE_IDENTIFIER = org.nygard.UnitTests;
				PRODUCT_NAME = "$(TARGET_NAME)";
				WRAPPER_EXTENSION = xctest;
			};
			name = Release;
		};
/* End XCBuildConfiguration section */

/* Begin XCConfigurationList section */
		B0DD94E12066C3A2002CDB03 /* Build configuration list for PBXProject "class-dump" */ = {
			isa = XCConfigurationList;
			buildConfigurations = (
				B0DD94EB2066C3A2002CDB03 /* Debug */,
				B0DD94EC2066C3A2002CDB03 /* Release */,
			);
			defaultConfigurationIsVisible = 0;
			defaultConfigurationName = Release;
		};
		B0DD94ED2066C3A2002CDB03 /* Build configuration list for PBXNativeTarget "class-dump" */ = {
			isa = XCConfigurationList;
			buildConfigurations = (
				B0DD94EE2066C3A2002CDB03 /* Debug */,
				B0DD94EF2066C3A2002CDB03 /* Release */,
			);
			defaultConfigurationIsVisible = 0;
			defaultConfigurationName = Release;
		};
		B0DD94F82066C3E7002CDB03 /* Build configuration list for PBXNativeTarget "deprotect" */ = {
			isa = XCConfigurationList;
			buildConfigurations = (
				B0DD94F92066C3E7002CDB03 /* Debug */,
				B0DD94FA2066C3E7002CDB03 /* Release */,
			);
			defaultConfigurationIsVisible = 0;
			defaultConfigurationName = Release;
		};
		B0DD95032066C3FA002CDB03 /* Build configuration list for PBXNativeTarget "formatType" */ = {
			isa = XCConfigurationList;
			buildConfigurations = (
				B0DD95042066C3FA002CDB03 /* Debug */,
				B0DD95052066C3FA002CDB03 /* Release */,
			);
			defaultConfigurationIsVisible = 0;
			defaultConfigurationName = Release;
		};
		B0DD95102066C47B002CDB03 /* Build configuration list for PBXNativeTarget "MachObjC" */ = {
			isa = XCConfigurationList;
			buildConfigurations = (
				B0DD95112066C47B002CDB03 /* Debug */,
				B0DD95122066C47B002CDB03 /* Release */,
			);
			defaultConfigurationIsVisible = 0;
			defaultConfigurationName = Release;
		};
		B0DD951A2066C4DC002CDB03 /* Build configuration list for PBXAggregateTarget "all" */ = {
			isa = XCConfigurationList;
			buildConfigurations = (
				B0DD951B2066C4DC002CDB03 /* Debug */,
				B0DD951C2066C4DC002CDB03 /* Release */,
			);
			defaultConfigurationIsVisible = 0;
			defaultConfigurationName = Release;
		};
		B0DD95352066C614002CDB03 /* Build configuration list for PBXNativeTarget "UnitTests" */ = {
			isa = XCConfigurationList;
			buildConfigurations = (
				B0DD95362066C614002CDB03 /* Debug */,
				B0DD95372066C614002CDB03 /* Release */,
			);
			defaultConfigurationIsVisible = 0;
			defaultConfigurationName = Release;
		};
/* End XCConfigurationList section */
	};
	rootObject = B0DD94DE2066C3A2002CDB03 /* Project object */;
}
